// !$*UTF8*$!
{
	archiveVersion = 1;
	classes = {
	};
	objectVersion = 56;
	objects = {

/* Begin PBXBuildFile section */
		1FEA5B4E2A81497100946DD9 /* WebViewController.swift in Sources */ = {isa = PBXBuildFile; fileRef = 1FEA5B4D2A81497100946DD9 /* WebViewController.swift */; };
		1FEA5B502A81498900946DD9 /* WebViewPresenter.swift in Sources */ = {isa = PBXBuildFile; fileRef = 1FEA5B4F2A81498900946DD9 /* WebViewPresenter.swift */; };
		3F478ECF29DB474E00F6D39E /* UIColor + Extension.swift in Sources */ = {isa = PBXBuildFile; fileRef = 3F478ECE29DB474E00F6D39E /* UIColor + Extension.swift */; };
		3F478ED129DB476500F6D39E /* Fonts.swift in Sources */ = {isa = PBXBuildFile; fileRef = 3F478ED029DB476500F6D39E /* Fonts.swift */; };
		3F603CCD29DB4A53000C43D7 /* ProgressHUD in Frameworks */ = {isa = PBXBuildFile; productRef = 3F603CCC29DB4A53000C43D7 /* ProgressHUD */; };
		3F603CD029DB4A74000C43D7 /* Kingfisher in Frameworks */ = {isa = PBXBuildFile; productRef = 3F603CCF29DB4A74000C43D7 /* Kingfisher */; };
		3F68069729CBBAF100B4F915 /* AppDelegate.swift in Sources */ = {isa = PBXBuildFile; fileRef = 3F68069629CBBAF100B4F915 /* AppDelegate.swift */; };
		3F68069929CBBAF100B4F915 /* SceneDelegate.swift in Sources */ = {isa = PBXBuildFile; fileRef = 3F68069829CBBAF100B4F915 /* SceneDelegate.swift */; };
		3F6806A029CBBAF200B4F915 /* Assets.xcassets in Resources */ = {isa = PBXBuildFile; fileRef = 3F68069F29CBBAF200B4F915 /* Assets.xcassets */; };
		3F6806A329CBBAF200B4F915 /* LaunchScreen.storyboard in Resources */ = {isa = PBXBuildFile; fileRef = 3F6806A129CBBAF200B4F915 /* LaunchScreen.storyboard */; };
		3F6806AE29CBBAF200B4F915 /* ExampleUnitTests.swift in Sources */ = {isa = PBXBuildFile; fileRef = 3F6806AD29CBBAF200B4F915 /* ExampleUnitTests.swift */; };
		3F6806B829CBBAF200B4F915 /* FakeNFTUITests.swift in Sources */ = {isa = PBXBuildFile; fileRef = 3F6806B729CBBAF200B4F915 /* FakeNFTUITests.swift */; };
		3F6806D129CBBE6B00B4F915 /* NetworkClient.swift in Sources */ = {isa = PBXBuildFile; fileRef = 3F6806D029CBBE6B00B4F915 /* NetworkClient.swift */; };
		3F6806D329CBBE9600B4F915 /* NetworkRequest.swift in Sources */ = {isa = PBXBuildFile; fileRef = 3F6806D229CBBE9600B4F915 /* NetworkRequest.swift */; };
		3F6806D529CBBEC700B4F915 /* NetworkTask.swift in Sources */ = {isa = PBXBuildFile; fileRef = 3F6806D429CBBEC700B4F915 /* NetworkTask.swift */; };
		3FC8C39129D2453B0081F015 /* ProfileRequest.swift in Sources */ = {isa = PBXBuildFile; fileRef = 3FC8C39029D2453B0081F015 /* ProfileRequest.swift */; };
		7343AE322A82947F00FBD728 /* LikeService.swift in Sources */ = {isa = PBXBuildFile; fileRef = 7343AE312A82947F00FBD728 /* LikeService.swift */; };
		7362C52E2A753D03004CBE1D /* ProfileView.swift in Sources */ = {isa = PBXBuildFile; fileRef = 7362C52D2A753D03004CBE1D /* ProfileView.swift */; };
		7362C5312A7565F2004CBE1D /* ProfileTableViewCell.swift in Sources */ = {isa = PBXBuildFile; fileRef = 7362C5302A7565F2004CBE1D /* ProfileTableViewCell.swift */; };
		7362C5332A756D7C004CBE1D /* EditingProfileViewController.swift in Sources */ = {isa = PBXBuildFile; fileRef = 7362C5322A756D7C004CBE1D /* EditingProfileViewController.swift */; };
		7362C5352A75704C004CBE1D /* EditingProfileView.swift in Sources */ = {isa = PBXBuildFile; fileRef = 7362C5342A75704C004CBE1D /* EditingProfileView.swift */; };
		7362C5372A75852B004CBE1D /* EditingProfileTableViewCell.swift in Sources */ = {isa = PBXBuildFile; fileRef = 7362C5362A75852B004CBE1D /* EditingProfileTableViewCell.swift */; };
		7362C5392A7597B3004CBE1D /* EditingProfileTableViewHeader.swift in Sources */ = {isa = PBXBuildFile; fileRef = 7362C5382A7597B3004CBE1D /* EditingProfileTableViewHeader.swift */; };
		7362C53C2A769EF8004CBE1D /* MyNFTViewController.swift in Sources */ = {isa = PBXBuildFile; fileRef = 7362C53B2A769EF8004CBE1D /* MyNFTViewController.swift */; };
		7362C53E2A769F6C004CBE1D /* MyNFTView.swift in Sources */ = {isa = PBXBuildFile; fileRef = 7362C53D2A769F6C004CBE1D /* MyNFTView.swift */; };
		7362C5402A76AC0C004CBE1D /* MyNFTTableViewCell.swift in Sources */ = {isa = PBXBuildFile; fileRef = 7362C53F2A76AC0C004CBE1D /* MyNFTTableViewCell.swift */; };
		7362C5432A785E1A004CBE1D /* FavoritesNFTViewController.swift in Sources */ = {isa = PBXBuildFile; fileRef = 7362C5422A785E1A004CBE1D /* FavoritesNFTViewController.swift */; };
		7362C5452A785E71004CBE1D /* FavoritesNFTView.swift in Sources */ = {isa = PBXBuildFile; fileRef = 7362C5442A785E71004CBE1D /* FavoritesNFTView.swift */; };
		7362C5492A786ACE004CBE1D /* AlertService.swift in Sources */ = {isa = PBXBuildFile; fileRef = 7362C5482A786ACE004CBE1D /* AlertService.swift */; };
		7362C54B2A787491004CBE1D /* FavoritesNFTCollectionViewCell.swift in Sources */ = {isa = PBXBuildFile; fileRef = 7362C54A2A787491004CBE1D /* FavoritesNFTCollectionViewCell.swift */; };
		7362C54D2A7938B6004CBE1D /* ProfileViewPresenter.swift in Sources */ = {isa = PBXBuildFile; fileRef = 7362C54C2A7938B6004CBE1D /* ProfileViewPresenter.swift */; };
		7362C5502A793912004CBE1D /* ProfileViewPresenterProtocol.swift in Sources */ = {isa = PBXBuildFile; fileRef = 7362C54F2A793912004CBE1D /* ProfileViewPresenterProtocol.swift */; };
		7362C5522A793920004CBE1D /* ProfileViewControllerProtocol.swift in Sources */ = {isa = PBXBuildFile; fileRef = 7362C5512A793920004CBE1D /* ProfileViewControllerProtocol.swift */; };
		7362C5542A7A7009004CBE1D /* Profile.swift in Sources */ = {isa = PBXBuildFile; fileRef = 7362C5532A7A7009004CBE1D /* Profile.swift */; };
		7362C5562A7A7262004CBE1D /* ProfileService.swift in Sources */ = {isa = PBXBuildFile; fileRef = 7362C5552A7A7262004CBE1D /* ProfileService.swift */; };
		7362C55C2A7BB2CF004CBE1D /* UIBlockingProgressHUD.swift in Sources */ = {isa = PBXBuildFile; fileRef = 7362C55B2A7BB2CF004CBE1D /* UIBlockingProgressHUD.swift */; };
		7362C5602A7BFB4E004CBE1D /* NFTsRequest.swift in Sources */ = {isa = PBXBuildFile; fileRef = 7362C55F2A7BFB4E004CBE1D /* NFTsRequest.swift */; };
		7362C5622A7BFB92004CBE1D /* NFT.swift in Sources */ = {isa = PBXBuildFile; fileRef = 7362C5612A7BFB92004CBE1D /* NFT.swift */; };
		7362C5642A7C0426004CBE1D /* MyNFTViewPresenter.swift in Sources */ = {isa = PBXBuildFile; fileRef = 7362C5632A7C0426004CBE1D /* MyNFTViewPresenter.swift */; };
		7362C5662A7C0450004CBE1D /* MyNFTViewPresenterProtocol.swift in Sources */ = {isa = PBXBuildFile; fileRef = 7362C5652A7C0450004CBE1D /* MyNFTViewPresenterProtocol.swift */; };
		7362C5682A7C0460004CBE1D /* MyNFTViewControllerProtocol.swift in Sources */ = {isa = PBXBuildFile; fileRef = 7362C5672A7C0460004CBE1D /* MyNFTViewControllerProtocol.swift */; };
		7362C56A2A7D47B7004CBE1D /* FavoritesNFTViewPresenter.swift in Sources */ = {isa = PBXBuildFile; fileRef = 7362C5692A7D47B7004CBE1D /* FavoritesNFTViewPresenter.swift */; };
		7362C56E2A7D47F6004CBE1D /* FavoritesNFTViewControllerProtocol.swift in Sources */ = {isa = PBXBuildFile; fileRef = 7362C56D2A7D47F6004CBE1D /* FavoritesNFTViewControllerProtocol.swift */; };
		7362C5702A7D481C004CBE1D /* FavoritesNFTViewPresenterProtocol.swift in Sources */ = {isa = PBXBuildFile; fileRef = 7362C56F2A7D481C004CBE1D /* FavoritesNFTViewPresenterProtocol.swift */; };
		737D03142A7FB5AE00DCB5B1 /* NFTService.swift in Sources */ = {isa = PBXBuildFile; fileRef = 737D03132A7FB5AE00DCB5B1 /* NFTService.swift */; };
		737D03162A7FDB8500DCB5B1 /* EditingProfileViewPresenter.swift in Sources */ = {isa = PBXBuildFile; fileRef = 737D03152A7FDB8500DCB5B1 /* EditingProfileViewPresenter.swift */; };
		737D03192A7FDBA600DCB5B1 /* EditingProfileViewPresenterProtocol.swift in Sources */ = {isa = PBXBuildFile; fileRef = 737D03182A7FDBA600DCB5B1 /* EditingProfileViewPresenterProtocol.swift */; };
		737D031B2A7FDC9900DCB5B1 /* EditingProfileViewControllerProtocol.swift in Sources */ = {isa = PBXBuildFile; fileRef = 737D031A2A7FDC9900DCB5B1 /* EditingProfileViewControllerProtocol.swift */; };
		737D031D2A80703700DCB5B1 /* OnboardingManager.swift in Sources */ = {isa = PBXBuildFile; fileRef = 737D031C2A80703700DCB5B1 /* OnboardingManager.swift */; };
		737D03212A80709100DCB5B1 /* OnboardingViewController.swift in Sources */ = {isa = PBXBuildFile; fileRef = 737D03202A80709100DCB5B1 /* OnboardingViewController.swift */; };
		737D03232A80776700DCB5B1 /* OnboardingPageViewController.swift in Sources */ = {isa = PBXBuildFile; fileRef = 737D03222A80776700DCB5B1 /* OnboardingPageViewController.swift */; };
		73983AB12A7E954D00C9A73A /* StatisticsViewController.swift in Sources */ = {isa = PBXBuildFile; fileRef = 73EA4B0D2A73C7C4000B4B55 /* StatisticsViewController.swift */; };
		73CE8B592A82DEDE00EF772E /* FavoritesNFTCollectionViewCellDelegate.swift in Sources */ = {isa = PBXBuildFile; fileRef = 73CE8B582A82DEDE00EF772E /* FavoritesNFTCollectionViewCellDelegate.swift */; };
		73EA4B002A73C511000B4B55 /* SnapKit in Frameworks */ = {isa = PBXBuildFile; productRef = 73EA4AFF2A73C511000B4B55 /* SnapKit */; };
		73EA4B032A73C703000B4B55 /* TabBarController.swift in Sources */ = {isa = PBXBuildFile; fileRef = 73EA4B022A73C703000B4B55 /* TabBarController.swift */; };
		73EA4B052A73C770000B4B55 /* ProfileViewController.swift in Sources */ = {isa = PBXBuildFile; fileRef = 73EA4B042A73C770000B4B55 /* ProfileViewController.swift */; };
		73EA4B082A73C789000B4B55 /* CatalogViewController.swift in Sources */ = {isa = PBXBuildFile; fileRef = 73EA4B072A73C789000B4B55 /* CatalogViewController.swift */; };
		73EA4B0B2A73C7A4000B4B55 /* CartViewController.swift in Sources */ = {isa = PBXBuildFile; fileRef = 73EA4B0A2A73C7A4000B4B55 /* CartViewController.swift */; };
		73EA4B122A73DBF0000B4B55 /* Resources.swift in Sources */ = {isa = PBXBuildFile; fileRef = 73EA4B112A73DBF0000B4B55 /* Resources.swift */; };
		73EA4B162A744591000B4B55 /* Localizable.strings in Resources */ = {isa = PBXBuildFile; fileRef = 73EA4B182A744591000B4B55 /* Localizable.strings */; };
		73EA4B1B2A744623000B4B55 /* LocalizableConstants.swift in Sources */ = {isa = PBXBuildFile; fileRef = 73EA4B1A2A744623000B4B55 /* LocalizableConstants.swift */; };
		73EA4B1D2A7471D2000B4B55 /* CustomNavigationViewController.swift in Sources */ = {isa = PBXBuildFile; fileRef = 73EA4B1C2A7471D2000B4B55 /* CustomNavigationViewController.swift */; };
		C5D3AADA2A7B679D005A3694 /* GetUsersRequest.swift in Sources */ = {isa = PBXBuildFile; fileRef = C5D3AAD92A7B679D005A3694 /* GetUsersRequest.swift */; };
		C5D3AADC2A7B67DC005A3694 /* User.swift in Sources */ = {isa = PBXBuildFile; fileRef = C5D3AADB2A7B67DC005A3694 /* User.swift */; };
/* End PBXBuildFile section */

/* Begin PBXContainerItemProxy section */
		3F6806AA29CBBAF200B4F915 /* PBXContainerItemProxy */ = {
			isa = PBXContainerItemProxy;
			containerPortal = 3F68068B29CBBAF100B4F915 /* Project object */;
			proxyType = 1;
			remoteGlobalIDString = 3F68069229CBBAF100B4F915;
			remoteInfo = FakeNFT;
		};
		3F6806B429CBBAF200B4F915 /* PBXContainerItemProxy */ = {
			isa = PBXContainerItemProxy;
			containerPortal = 3F68068B29CBBAF100B4F915 /* Project object */;
			proxyType = 1;
			remoteGlobalIDString = 3F68069229CBBAF100B4F915;
			remoteInfo = FakeNFT;
		};
/* End PBXContainerItemProxy section */

/* Begin PBXFileReference section */
		1FEA5B4D2A81497100946DD9 /* WebViewController.swift */ = {isa = PBXFileReference; lastKnownFileType = sourcecode.swift; path = WebViewController.swift; sourceTree = "<group>"; };
		1FEA5B4F2A81498900946DD9 /* WebViewPresenter.swift */ = {isa = PBXFileReference; lastKnownFileType = sourcecode.swift; path = WebViewPresenter.swift; sourceTree = "<group>"; };
		3F478ECE29DB474E00F6D39E /* UIColor + Extension.swift */ = {isa = PBXFileReference; lastKnownFileType = sourcecode.swift; path = "UIColor + Extension.swift"; sourceTree = "<group>"; };
		3F478ED029DB476500F6D39E /* Fonts.swift */ = {isa = PBXFileReference; lastKnownFileType = sourcecode.swift; path = Fonts.swift; sourceTree = "<group>"; };
		3F68069329CBBAF100B4F915 /* FakeNFT.app */ = {isa = PBXFileReference; explicitFileType = wrapper.application; includeInIndex = 0; path = FakeNFT.app; sourceTree = BUILT_PRODUCTS_DIR; };
		3F68069629CBBAF100B4F915 /* AppDelegate.swift */ = {isa = PBXFileReference; lastKnownFileType = sourcecode.swift; path = AppDelegate.swift; sourceTree = "<group>"; };
		3F68069829CBBAF100B4F915 /* SceneDelegate.swift */ = {isa = PBXFileReference; lastKnownFileType = sourcecode.swift; path = SceneDelegate.swift; sourceTree = "<group>"; };
		3F68069F29CBBAF200B4F915 /* Assets.xcassets */ = {isa = PBXFileReference; lastKnownFileType = folder.assetcatalog; path = Assets.xcassets; sourceTree = "<group>"; };
		3F6806A229CBBAF200B4F915 /* Base */ = {isa = PBXFileReference; lastKnownFileType = file.storyboard; name = Base; path = Base.lproj/LaunchScreen.storyboard; sourceTree = "<group>"; };
		3F6806A429CBBAF200B4F915 /* Info.plist */ = {isa = PBXFileReference; lastKnownFileType = text.plist.xml; path = Info.plist; sourceTree = "<group>"; };
		3F6806A929CBBAF200B4F915 /* FakeNFTTests.xctest */ = {isa = PBXFileReference; explicitFileType = wrapper.cfbundle; includeInIndex = 0; path = FakeNFTTests.xctest; sourceTree = BUILT_PRODUCTS_DIR; };
		3F6806AD29CBBAF200B4F915 /* ExampleUnitTests.swift */ = {isa = PBXFileReference; lastKnownFileType = sourcecode.swift; path = ExampleUnitTests.swift; sourceTree = "<group>"; };
		3F6806B329CBBAF200B4F915 /* FakeNFTUITests.xctest */ = {isa = PBXFileReference; explicitFileType = wrapper.cfbundle; includeInIndex = 0; path = FakeNFTUITests.xctest; sourceTree = BUILT_PRODUCTS_DIR; };
		3F6806B729CBBAF200B4F915 /* FakeNFTUITests.swift */ = {isa = PBXFileReference; lastKnownFileType = sourcecode.swift; path = FakeNFTUITests.swift; sourceTree = "<group>"; };
		3F6806D029CBBE6B00B4F915 /* NetworkClient.swift */ = {isa = PBXFileReference; lastKnownFileType = sourcecode.swift; path = NetworkClient.swift; sourceTree = "<group>"; };
		3F6806D229CBBE9600B4F915 /* NetworkRequest.swift */ = {isa = PBXFileReference; lastKnownFileType = sourcecode.swift; path = NetworkRequest.swift; sourceTree = "<group>"; };
		3F6806D429CBBEC700B4F915 /* NetworkTask.swift */ = {isa = PBXFileReference; lastKnownFileType = sourcecode.swift; path = NetworkTask.swift; sourceTree = "<group>"; };
		3FC8C39029D2453B0081F015 /* ProfileRequest.swift */ = {isa = PBXFileReference; lastKnownFileType = sourcecode.swift; path = ProfileRequest.swift; sourceTree = "<group>"; };
		7343AE312A82947F00FBD728 /* LikeService.swift */ = {isa = PBXFileReference; lastKnownFileType = sourcecode.swift; path = LikeService.swift; sourceTree = "<group>"; };
		7362C52D2A753D03004CBE1D /* ProfileView.swift */ = {isa = PBXFileReference; lastKnownFileType = sourcecode.swift; path = ProfileView.swift; sourceTree = "<group>"; };
		7362C5302A7565F2004CBE1D /* ProfileTableViewCell.swift */ = {isa = PBXFileReference; lastKnownFileType = sourcecode.swift; path = ProfileTableViewCell.swift; sourceTree = "<group>"; };
		7362C5322A756D7C004CBE1D /* EditingProfileViewController.swift */ = {isa = PBXFileReference; lastKnownFileType = sourcecode.swift; path = EditingProfileViewController.swift; sourceTree = "<group>"; };
		7362C5342A75704C004CBE1D /* EditingProfileView.swift */ = {isa = PBXFileReference; lastKnownFileType = sourcecode.swift; path = EditingProfileView.swift; sourceTree = "<group>"; };
		7362C5362A75852B004CBE1D /* EditingProfileTableViewCell.swift */ = {isa = PBXFileReference; lastKnownFileType = sourcecode.swift; path = EditingProfileTableViewCell.swift; sourceTree = "<group>"; };
		7362C5382A7597B3004CBE1D /* EditingProfileTableViewHeader.swift */ = {isa = PBXFileReference; lastKnownFileType = sourcecode.swift; path = EditingProfileTableViewHeader.swift; sourceTree = "<group>"; };
		7362C53B2A769EF8004CBE1D /* MyNFTViewController.swift */ = {isa = PBXFileReference; lastKnownFileType = sourcecode.swift; path = MyNFTViewController.swift; sourceTree = "<group>"; };
		7362C53D2A769F6C004CBE1D /* MyNFTView.swift */ = {isa = PBXFileReference; lastKnownFileType = sourcecode.swift; path = MyNFTView.swift; sourceTree = "<group>"; };
		7362C53F2A76AC0C004CBE1D /* MyNFTTableViewCell.swift */ = {isa = PBXFileReference; lastKnownFileType = sourcecode.swift; path = MyNFTTableViewCell.swift; sourceTree = "<group>"; };
		7362C5422A785E1A004CBE1D /* FavoritesNFTViewController.swift */ = {isa = PBXFileReference; lastKnownFileType = sourcecode.swift; path = FavoritesNFTViewController.swift; sourceTree = "<group>"; };
		7362C5442A785E71004CBE1D /* FavoritesNFTView.swift */ = {isa = PBXFileReference; lastKnownFileType = sourcecode.swift; path = FavoritesNFTView.swift; sourceTree = "<group>"; };
		7362C5482A786ACE004CBE1D /* AlertService.swift */ = {isa = PBXFileReference; lastKnownFileType = sourcecode.swift; path = AlertService.swift; sourceTree = "<group>"; };
		7362C54A2A787491004CBE1D /* FavoritesNFTCollectionViewCell.swift */ = {isa = PBXFileReference; lastKnownFileType = sourcecode.swift; path = FavoritesNFTCollectionViewCell.swift; sourceTree = "<group>"; };
		7362C54C2A7938B6004CBE1D /* ProfileViewPresenter.swift */ = {isa = PBXFileReference; lastKnownFileType = sourcecode.swift; path = ProfileViewPresenter.swift; sourceTree = "<group>"; };
		7362C54F2A793912004CBE1D /* ProfileViewPresenterProtocol.swift */ = {isa = PBXFileReference; lastKnownFileType = sourcecode.swift; path = ProfileViewPresenterProtocol.swift; sourceTree = "<group>"; };
		7362C5512A793920004CBE1D /* ProfileViewControllerProtocol.swift */ = {isa = PBXFileReference; lastKnownFileType = sourcecode.swift; path = ProfileViewControllerProtocol.swift; sourceTree = "<group>"; };
		7362C5532A7A7009004CBE1D /* Profile.swift */ = {isa = PBXFileReference; lastKnownFileType = sourcecode.swift; path = Profile.swift; sourceTree = "<group>"; };
		7362C5552A7A7262004CBE1D /* ProfileService.swift */ = {isa = PBXFileReference; lastKnownFileType = sourcecode.swift; path = ProfileService.swift; sourceTree = "<group>"; };
		7362C55B2A7BB2CF004CBE1D /* UIBlockingProgressHUD.swift */ = {isa = PBXFileReference; lastKnownFileType = sourcecode.swift; path = UIBlockingProgressHUD.swift; sourceTree = "<group>"; };
		7362C55F2A7BFB4E004CBE1D /* NFTsRequest.swift */ = {isa = PBXFileReference; lastKnownFileType = sourcecode.swift; path = NFTsRequest.swift; sourceTree = "<group>"; };
		7362C5612A7BFB92004CBE1D /* NFT.swift */ = {isa = PBXFileReference; lastKnownFileType = sourcecode.swift; path = NFT.swift; sourceTree = "<group>"; };
		7362C5632A7C0426004CBE1D /* MyNFTViewPresenter.swift */ = {isa = PBXFileReference; lastKnownFileType = sourcecode.swift; path = MyNFTViewPresenter.swift; sourceTree = "<group>"; };
		7362C5652A7C0450004CBE1D /* MyNFTViewPresenterProtocol.swift */ = {isa = PBXFileReference; lastKnownFileType = sourcecode.swift; path = MyNFTViewPresenterProtocol.swift; sourceTree = "<group>"; };
		7362C5672A7C0460004CBE1D /* MyNFTViewControllerProtocol.swift */ = {isa = PBXFileReference; lastKnownFileType = sourcecode.swift; path = MyNFTViewControllerProtocol.swift; sourceTree = "<group>"; };
		7362C5692A7D47B7004CBE1D /* FavoritesNFTViewPresenter.swift */ = {isa = PBXFileReference; lastKnownFileType = sourcecode.swift; path = FavoritesNFTViewPresenter.swift; sourceTree = "<group>"; };
		7362C56D2A7D47F6004CBE1D /* FavoritesNFTViewControllerProtocol.swift */ = {isa = PBXFileReference; lastKnownFileType = sourcecode.swift; path = FavoritesNFTViewControllerProtocol.swift; sourceTree = "<group>"; };
		7362C56F2A7D481C004CBE1D /* FavoritesNFTViewPresenterProtocol.swift */ = {isa = PBXFileReference; lastKnownFileType = sourcecode.swift; path = FavoritesNFTViewPresenterProtocol.swift; sourceTree = "<group>"; };
		737D03132A7FB5AE00DCB5B1 /* NFTService.swift */ = {isa = PBXFileReference; lastKnownFileType = sourcecode.swift; path = NFTService.swift; sourceTree = "<group>"; };
		737D03152A7FDB8500DCB5B1 /* EditingProfileViewPresenter.swift */ = {isa = PBXFileReference; lastKnownFileType = sourcecode.swift; path = EditingProfileViewPresenter.swift; sourceTree = "<group>"; };
		737D03182A7FDBA600DCB5B1 /* EditingProfileViewPresenterProtocol.swift */ = {isa = PBXFileReference; lastKnownFileType = sourcecode.swift; path = EditingProfileViewPresenterProtocol.swift; sourceTree = "<group>"; };
		737D031A2A7FDC9900DCB5B1 /* EditingProfileViewControllerProtocol.swift */ = {isa = PBXFileReference; lastKnownFileType = sourcecode.swift; path = EditingProfileViewControllerProtocol.swift; sourceTree = "<group>"; };
		737D031C2A80703700DCB5B1 /* OnboardingManager.swift */ = {isa = PBXFileReference; lastKnownFileType = sourcecode.swift; path = OnboardingManager.swift; sourceTree = "<group>"; };
		737D03202A80709100DCB5B1 /* OnboardingViewController.swift */ = {isa = PBXFileReference; lastKnownFileType = sourcecode.swift; path = OnboardingViewController.swift; sourceTree = "<group>"; };
		737D03222A80776700DCB5B1 /* OnboardingPageViewController.swift */ = {isa = PBXFileReference; lastKnownFileType = sourcecode.swift; path = OnboardingPageViewController.swift; sourceTree = "<group>"; };
		73CE8B582A82DEDE00EF772E /* FavoritesNFTCollectionViewCellDelegate.swift */ = {isa = PBXFileReference; lastKnownFileType = sourcecode.swift; path = FavoritesNFTCollectionViewCellDelegate.swift; sourceTree = "<group>"; };
		73EA4B022A73C703000B4B55 /* TabBarController.swift */ = {isa = PBXFileReference; lastKnownFileType = sourcecode.swift; path = TabBarController.swift; sourceTree = "<group>"; };
		73EA4B042A73C770000B4B55 /* ProfileViewController.swift */ = {isa = PBXFileReference; lastKnownFileType = sourcecode.swift; path = ProfileViewController.swift; sourceTree = "<group>"; };
		73EA4B072A73C789000B4B55 /* CatalogViewController.swift */ = {isa = PBXFileReference; lastKnownFileType = sourcecode.swift; path = CatalogViewController.swift; sourceTree = "<group>"; };
		73EA4B0A2A73C7A4000B4B55 /* CartViewController.swift */ = {isa = PBXFileReference; lastKnownFileType = sourcecode.swift; path = CartViewController.swift; sourceTree = "<group>"; };
		73EA4B0D2A73C7C4000B4B55 /* StatisticsViewController.swift */ = {isa = PBXFileReference; lastKnownFileType = sourcecode.swift; path = StatisticsViewController.swift; sourceTree = "<group>"; };
		73EA4B112A73DBF0000B4B55 /* Resources.swift */ = {isa = PBXFileReference; lastKnownFileType = sourcecode.swift; path = Resources.swift; sourceTree = "<group>"; };
		73EA4B172A744591000B4B55 /* en */ = {isa = PBXFileReference; lastKnownFileType = text.plist.strings; name = en; path = en.lproj/Localizable.strings; sourceTree = "<group>"; };
		73EA4B192A7445CC000B4B55 /* ru */ = {isa = PBXFileReference; lastKnownFileType = text.plist.strings; name = ru; path = ru.lproj/Localizable.strings; sourceTree = "<group>"; };
		73EA4B1A2A744623000B4B55 /* LocalizableConstants.swift */ = {isa = PBXFileReference; lastKnownFileType = sourcecode.swift; path = LocalizableConstants.swift; sourceTree = "<group>"; };
		73EA4B1C2A7471D2000B4B55 /* CustomNavigationViewController.swift */ = {isa = PBXFileReference; lastKnownFileType = sourcecode.swift; path = CustomNavigationViewController.swift; sourceTree = "<group>"; };
		C5D3AAD92A7B679D005A3694 /* GetUsersRequest.swift */ = {isa = PBXFileReference; lastKnownFileType = sourcecode.swift; path = GetUsersRequest.swift; sourceTree = "<group>"; };
		C5D3AADB2A7B67DC005A3694 /* User.swift */ = {isa = PBXFileReference; lastKnownFileType = sourcecode.swift; path = User.swift; sourceTree = "<group>"; };
/* End PBXFileReference section */

/* Begin PBXFrameworksBuildPhase section */
		3F68069029CBBAF100B4F915 /* Frameworks */ = {
			isa = PBXFrameworksBuildPhase;
			buildActionMask = 2147483647;
			files = (
				73EA4B002A73C511000B4B55 /* SnapKit in Frameworks */,
				3F603CD029DB4A74000C43D7 /* Kingfisher in Frameworks */,
				3F603CCD29DB4A53000C43D7 /* ProgressHUD in Frameworks */,
			);
			runOnlyForDeploymentPostprocessing = 0;
		};
		3F6806A629CBBAF200B4F915 /* Frameworks */ = {
			isa = PBXFrameworksBuildPhase;
			buildActionMask = 2147483647;
			files = (
			);
			runOnlyForDeploymentPostprocessing = 0;
		};
		3F6806B029CBBAF200B4F915 /* Frameworks */ = {
			isa = PBXFrameworksBuildPhase;
			buildActionMask = 2147483647;
			files = (
			);
			runOnlyForDeploymentPostprocessing = 0;
		};
/* End PBXFrameworksBuildPhase section */

/* Begin PBXGroup section */
		1FEA5B4C2A81495100946DD9 /* WebViewModule */ = {
			isa = PBXGroup;
			children = (
				1FEA5B4D2A81497100946DD9 /* WebViewController.swift */,
				1FEA5B4F2A81498900946DD9 /* WebViewPresenter.swift */,
			);
			path = WebViewModule;
			sourceTree = "<group>";
		};
		3F68068A29CBBAF100B4F915 = {
			isa = PBXGroup;
			children = (
				3F68069529CBBAF100B4F915 /* FakeNFT */,
				3F6806AC29CBBAF200B4F915 /* FakeNFTTests */,
				3F6806B629CBBAF200B4F915 /* FakeNFTUITests */,
				3F68069429CBBAF100B4F915 /* Products */,
			);
			sourceTree = "<group>";
		};
		3F68069429CBBAF100B4F915 /* Products */ = {
			isa = PBXGroup;
			children = (
				3F68069329CBBAF100B4F915 /* FakeNFT.app */,
				3F6806A929CBBAF200B4F915 /* FakeNFTTests.xctest */,
				3F6806B329CBBAF200B4F915 /* FakeNFTUITests.xctest */,
			);
			name = Products;
			sourceTree = "<group>";
		};
		3F68069529CBBAF100B4F915 /* FakeNFT */ = {
			isa = PBXGroup;
			children = (
				3F68069629CBBAF100B4F915 /* AppDelegate.swift */,
				3F68069829CBBAF100B4F915 /* SceneDelegate.swift */,
				3F6806CE29CBBD1B00B4F915 /* Foundation */,
				3F6806C929CBBCAF00B4F915 /* Models */,
				3F6806C629CBBC4E00B4F915 /* Services */,
				73EA4B012A73C6E2000B4B55 /* Controllers */,
				73EA4B102A73DBD6000B4B55 /* Resources */,
				73EA4B132A73DFB1000B4B55 /* Helpers */,
				3F68069F29CBBAF200B4F915 /* Assets.xcassets */,
				3F6806A129CBBAF200B4F915 /* LaunchScreen.storyboard */,
				3F6806A429CBBAF200B4F915 /* Info.plist */,
			);
			path = FakeNFT;
			sourceTree = "<group>";
		};
		3F6806AC29CBBAF200B4F915 /* FakeNFTTests */ = {
			isa = PBXGroup;
			children = (
				3F6806AD29CBBAF200B4F915 /* ExampleUnitTests.swift */,
			);
			path = FakeNFTTests;
			sourceTree = "<group>";
		};
		3F6806B629CBBAF200B4F915 /* FakeNFTUITests */ = {
			isa = PBXGroup;
			children = (
				3F6806B729CBBAF200B4F915 /* FakeNFTUITests.swift */,
			);
			path = FakeNFTUITests;
			sourceTree = "<group>";
		};
		3F6806C629CBBC4E00B4F915 /* Services */ = {
			isa = PBXGroup;
			children = (
				3FC8C38F29D245250081F015 /* Requests */,
				7362C5482A786ACE004CBE1D /* AlertService.swift */,
				737D031C2A80703700DCB5B1 /* OnboardingManager.swift */,
				7362C5552A7A7262004CBE1D /* ProfileService.swift */,
				737D03132A7FB5AE00DCB5B1 /* NFTService.swift */,
				7343AE312A82947F00FBD728 /* LikeService.swift */,
			);
			path = Services;
			sourceTree = "<group>";
		};
		3F6806C929CBBCAF00B4F915 /* Models */ = {
			isa = PBXGroup;
			children = (
				C5D3AADB2A7B67DC005A3694 /* User.swift */,
				7362C5532A7A7009004CBE1D /* Profile.swift */,
				7362C5612A7BFB92004CBE1D /* NFT.swift */,
			);
			path = Models;
			sourceTree = "<group>";
		};
		3F6806CE29CBBD1B00B4F915 /* Foundation */ = {
			isa = PBXGroup;
			children = (
				3F6806CF29CBBDB100B4F915 /* NetworkClient */,
			);
			path = Foundation;
			sourceTree = "<group>";
		};
		3F6806CF29CBBDB100B4F915 /* NetworkClient */ = {
			isa = PBXGroup;
			children = (
				3F6806D029CBBE6B00B4F915 /* NetworkClient.swift */,
				3F6806D229CBBE9600B4F915 /* NetworkRequest.swift */,
				3F6806D429CBBEC700B4F915 /* NetworkTask.swift */,
			);
			path = NetworkClient;
			sourceTree = "<group>";
		};
		3FC8C38F29D245250081F015 /* Requests */ = {
			isa = PBXGroup;
			children = (
				C5D3AAD92A7B679D005A3694 /* GetUsersRequest.swift */,
				3FC8C39029D2453B0081F015 /* ProfileRequest.swift */,
				7362C55F2A7BFB4E004CBE1D /* NFTsRequest.swift */,
			);
			path = Requests;
			sourceTree = "<group>";
		};
		7362C52F2A7564CF004CBE1D /* EditingProfile */ = {
			isa = PBXGroup;
			children = (
				737D03172A7FDB8B00DCB5B1 /* Protocols */,
				7362C5342A75704C004CBE1D /* EditingProfileView.swift */,
				737D03152A7FDB8500DCB5B1 /* EditingProfileViewPresenter.swift */,
				7362C5322A756D7C004CBE1D /* EditingProfileViewController.swift */,
				7362C5362A75852B004CBE1D /* EditingProfileTableViewCell.swift */,
				7362C5382A7597B3004CBE1D /* EditingProfileTableViewHeader.swift */,
			);
			path = EditingProfile;
			sourceTree = "<group>";
		};
		7362C53A2A769ED6004CBE1D /* MyNFT */ = {
			isa = PBXGroup;
			children = (
				7362C56B2A7D47C9004CBE1D /* Protocols */,
				7362C53D2A769F6C004CBE1D /* MyNFTView.swift */,
				7362C5632A7C0426004CBE1D /* MyNFTViewPresenter.swift */,
				7362C53B2A769EF8004CBE1D /* MyNFTViewController.swift */,
				7362C53F2A76AC0C004CBE1D /* MyNFTTableViewCell.swift */,
			);
			path = MyNFT;
			sourceTree = "<group>";
		};
		7362C5412A785DFA004CBE1D /* FavoritesNFT */ = {
			isa = PBXGroup;
			children = (
				73CE8B572A82DECA00EF772E /* Delegates */,
				7362C56C2A7D47E1004CBE1D /* Protocols */,
				7362C5442A785E71004CBE1D /* FavoritesNFTView.swift */,
				7362C5692A7D47B7004CBE1D /* FavoritesNFTViewPresenter.swift */,
				7362C5422A785E1A004CBE1D /* FavoritesNFTViewController.swift */,
				7362C54A2A787491004CBE1D /* FavoritesNFTCollectionViewCell.swift */,
			);
			path = FavoritesNFT;
			sourceTree = "<group>";
		};
		7362C54E2A7938FD004CBE1D /* Protocols */ = {
			isa = PBXGroup;
			children = (
				7362C54F2A793912004CBE1D /* ProfileViewPresenterProtocol.swift */,
				7362C5512A793920004CBE1D /* ProfileViewControllerProtocol.swift */,
			);
			path = Protocols;
			sourceTree = "<group>";
		};
		7362C56B2A7D47C9004CBE1D /* Protocols */ = {
			isa = PBXGroup;
			children = (
				7362C5652A7C0450004CBE1D /* MyNFTViewPresenterProtocol.swift */,
				7362C5672A7C0460004CBE1D /* MyNFTViewControllerProtocol.swift */,
			);
			path = Protocols;
			sourceTree = "<group>";
		};
		7362C56C2A7D47E1004CBE1D /* Protocols */ = {
			isa = PBXGroup;
			children = (
				7362C56F2A7D481C004CBE1D /* FavoritesNFTViewPresenterProtocol.swift */,
				7362C56D2A7D47F6004CBE1D /* FavoritesNFTViewControllerProtocol.swift */,
			);
			path = Protocols;
			sourceTree = "<group>";
		};
		737D03172A7FDB8B00DCB5B1 /* Protocols */ = {
			isa = PBXGroup;
			children = (
				737D03182A7FDBA600DCB5B1 /* EditingProfileViewPresenterProtocol.swift */,
				737D031A2A7FDC9900DCB5B1 /* EditingProfileViewControllerProtocol.swift */,
			);
			path = Protocols;
			sourceTree = "<group>";
		};
		737D031E2A80706400DCB5B1 /* Tabbar */ = {
			isa = PBXGroup;
			children = (
				73EA4B022A73C703000B4B55 /* TabBarController.swift */,
			);
			path = Tabbar;
			sourceTree = "<group>";
		};
		737D031F2A80707A00DCB5B1 /* Onboarding */ = {
			isa = PBXGroup;
			children = (
				737D03202A80709100DCB5B1 /* OnboardingViewController.swift */,
				737D03222A80776700DCB5B1 /* OnboardingPageViewController.swift */,
			);
			path = Onboarding;
			sourceTree = "<group>";
		};
		73CE8B572A82DECA00EF772E /* Delegates */ = {
			isa = PBXGroup;
			children = (
				73CE8B582A82DEDE00EF772E /* FavoritesNFTCollectionViewCellDelegate.swift */,
			);
			path = Delegates;
			sourceTree = "<group>";
		};
		73EA4B012A73C6E2000B4B55 /* Controllers */ = {
			isa = PBXGroup;
			children = (
				1FEA5B4C2A81495100946DD9 /* WebViewModule */,
				737D031F2A80707A00DCB5B1 /* Onboarding */,
				73EA4B1C2A7471D2000B4B55 /* CustomNavigationViewController.swift */,
				737D031E2A80706400DCB5B1 /* Tabbar */,
				73EA4B062A73C774000B4B55 /* Profile */,
				73EA4B092A73C78C000B4B55 /* Catalog */,
				73EA4B0C2A73C7A7000B4B55 /* Cart */,
				73EA4B0F2A73C7C8000B4B55 /* Statistics */,
			);
			path = Controllers;
			sourceTree = "<group>";
		};
		73EA4B062A73C774000B4B55 /* Profile */ = {
			isa = PBXGroup;
			children = (
				7362C54E2A7938FD004CBE1D /* Protocols */,
				7362C52D2A753D03004CBE1D /* ProfileView.swift */,
				7362C54C2A7938B6004CBE1D /* ProfileViewPresenter.swift */,
				73EA4B042A73C770000B4B55 /* ProfileViewController.swift */,
				7362C5302A7565F2004CBE1D /* ProfileTableViewCell.swift */,
				7362C52F2A7564CF004CBE1D /* EditingProfile */,
				7362C53A2A769ED6004CBE1D /* MyNFT */,
				7362C5412A785DFA004CBE1D /* FavoritesNFT */,
			);
			path = Profile;
			sourceTree = "<group>";
		};
		73EA4B092A73C78C000B4B55 /* Catalog */ = {
			isa = PBXGroup;
			children = (
				73EA4B072A73C789000B4B55 /* CatalogViewController.swift */,
			);
			path = Catalog;
			sourceTree = "<group>";
		};
		73EA4B0C2A73C7A7000B4B55 /* Cart */ = {
			isa = PBXGroup;
			children = (
				73EA4B0A2A73C7A4000B4B55 /* CartViewController.swift */,
			);
			path = Cart;
			sourceTree = "<group>";
		};
		73EA4B0F2A73C7C8000B4B55 /* Statistics */ = {
			isa = PBXGroup;
			children = (
				73EA4B0D2A73C7C4000B4B55 /* StatisticsViewController.swift */,
			);
			path = Statistics;
			sourceTree = "<group>";
		};
		73EA4B102A73DBD6000B4B55 /* Resources */ = {
			isa = PBXGroup;
			children = (
				73EA4B112A73DBF0000B4B55 /* Resources.swift */,
				73EA4B1A2A744623000B4B55 /* LocalizableConstants.swift */,
				73EA4B182A744591000B4B55 /* Localizable.strings */,
			);
			path = Resources;
			sourceTree = "<group>";
		};
		73EA4B132A73DFB1000B4B55 /* Helpers */ = {
			isa = PBXGroup;
			children = (
				3F478ECE29DB474E00F6D39E /* UIColor + Extension.swift */,
				3F478ED029DB476500F6D39E /* Fonts.swift */,
				7362C55B2A7BB2CF004CBE1D /* UIBlockingProgressHUD.swift */,
			);
			path = Helpers;
			sourceTree = "<group>";
		};
/* End PBXGroup section */

/* Begin PBXNativeTarget section */
		3F68069229CBBAF100B4F915 /* FakeNFT */ = {
			isa = PBXNativeTarget;
			buildConfigurationList = 3F6806BD29CBBAF200B4F915 /* Build configuration list for PBXNativeTarget "FakeNFT" */;
			buildPhases = (
				3F68068F29CBBAF100B4F915 /* Sources */,
				3F68069029CBBAF100B4F915 /* Frameworks */,
				3F68069129CBBAF100B4F915 /* Resources */,
			);
			buildRules = (
			);
			dependencies = (
			);
			name = FakeNFT;
			packageProductDependencies = (
				3F603CCC29DB4A53000C43D7 /* ProgressHUD */,
				3F603CCF29DB4A74000C43D7 /* Kingfisher */,
				73EA4AFF2A73C511000B4B55 /* SnapKit */,
			);
			productName = FakeNFT;
			productReference = 3F68069329CBBAF100B4F915 /* FakeNFT.app */;
			productType = "com.apple.product-type.application";
		};
		3F6806A829CBBAF200B4F915 /* FakeNFTTests */ = {
			isa = PBXNativeTarget;
			buildConfigurationList = 3F6806C029CBBAF200B4F915 /* Build configuration list for PBXNativeTarget "FakeNFTTests" */;
			buildPhases = (
				3F6806A529CBBAF200B4F915 /* Sources */,
				3F6806A629CBBAF200B4F915 /* Frameworks */,
				3F6806A729CBBAF200B4F915 /* Resources */,
			);
			buildRules = (
			);
			dependencies = (
				3F6806AB29CBBAF200B4F915 /* PBXTargetDependency */,
			);
			name = FakeNFTTests;
			productName = FakeNFTTests;
			productReference = 3F6806A929CBBAF200B4F915 /* FakeNFTTests.xctest */;
			productType = "com.apple.product-type.bundle.unit-test";
		};
		3F6806B229CBBAF200B4F915 /* FakeNFTUITests */ = {
			isa = PBXNativeTarget;
			buildConfigurationList = 3F6806C329CBBAF200B4F915 /* Build configuration list for PBXNativeTarget "FakeNFTUITests" */;
			buildPhases = (
				3F6806AF29CBBAF200B4F915 /* Sources */,
				3F6806B029CBBAF200B4F915 /* Frameworks */,
				3F6806B129CBBAF200B4F915 /* Resources */,
			);
			buildRules = (
			);
			dependencies = (
				3F6806B529CBBAF200B4F915 /* PBXTargetDependency */,
			);
			name = FakeNFTUITests;
			productName = FakeNFTUITests;
			productReference = 3F6806B329CBBAF200B4F915 /* FakeNFTUITests.xctest */;
			productType = "com.apple.product-type.bundle.ui-testing";
		};
/* End PBXNativeTarget section */

/* Begin PBXProject section */
		3F68068B29CBBAF100B4F915 /* Project object */ = {
			isa = PBXProject;
			attributes = {
				BuildIndependentTargetsInParallel = 1;
				LastSwiftUpdateCheck = 1420;
				LastUpgradeCheck = 1420;
				TargetAttributes = {
					3F68069229CBBAF100B4F915 = {
						CreatedOnToolsVersion = 14.2;
					};
					3F6806A829CBBAF200B4F915 = {
						CreatedOnToolsVersion = 14.2;
						TestTargetID = 3F68069229CBBAF100B4F915;
					};
					3F6806B229CBBAF200B4F915 = {
						CreatedOnToolsVersion = 14.2;
						TestTargetID = 3F68069229CBBAF100B4F915;
					};
				};
			};
			buildConfigurationList = 3F68068E29CBBAF100B4F915 /* Build configuration list for PBXProject "FakeNFT" */;
			compatibilityVersion = "Xcode 14.0";
			developmentRegion = en;
			hasScannedForEncodings = 0;
			knownRegions = (
				en,
				Base,
				ru,
			);
			mainGroup = 3F68068A29CBBAF100B4F915;
			packageReferences = (
				3F603CCB29DB4A53000C43D7 /* XCRemoteSwiftPackageReference "ProgressHUD" */,
				3F603CCE29DB4A74000C43D7 /* XCRemoteSwiftPackageReference "Kingfisher" */,
				73EA4AFE2A73C510000B4B55 /* XCRemoteSwiftPackageReference "SnapKit" */,
			);
			productRefGroup = 3F68069429CBBAF100B4F915 /* Products */;
			projectDirPath = "";
			projectRoot = "";
			targets = (
				3F68069229CBBAF100B4F915 /* FakeNFT */,
				3F6806A829CBBAF200B4F915 /* FakeNFTTests */,
				3F6806B229CBBAF200B4F915 /* FakeNFTUITests */,
			);
		};
/* End PBXProject section */

/* Begin PBXResourcesBuildPhase section */
		3F68069129CBBAF100B4F915 /* Resources */ = {
			isa = PBXResourcesBuildPhase;
			buildActionMask = 2147483647;
			files = (
				3F6806A329CBBAF200B4F915 /* LaunchScreen.storyboard in Resources */,
				73EA4B162A744591000B4B55 /* Localizable.strings in Resources */,
				3F6806A029CBBAF200B4F915 /* Assets.xcassets in Resources */,
			);
			runOnlyForDeploymentPostprocessing = 0;
		};
		3F6806A729CBBAF200B4F915 /* Resources */ = {
			isa = PBXResourcesBuildPhase;
			buildActionMask = 2147483647;
			files = (
			);
			runOnlyForDeploymentPostprocessing = 0;
		};
		3F6806B129CBBAF200B4F915 /* Resources */ = {
			isa = PBXResourcesBuildPhase;
			buildActionMask = 2147483647;
			files = (
			);
			runOnlyForDeploymentPostprocessing = 0;
		};
/* End PBXResourcesBuildPhase section */

/* Begin PBXSourcesBuildPhase section */
		3F68068F29CBBAF100B4F915 /* Sources */ = {
			isa = PBXSourcesBuildPhase;
			buildActionMask = 2147483647;
			files = (
				737D03142A7FB5AE00DCB5B1 /* NFTService.swift in Sources */,
				73983AB12A7E954D00C9A73A /* StatisticsViewController.swift in Sources */,
				7362C5402A76AC0C004CBE1D /* MyNFTTableViewCell.swift in Sources */,
				7362C5492A786ACE004CBE1D /* AlertService.swift in Sources */,
				1FEA5B4E2A81497100946DD9 /* WebViewController.swift in Sources */,
				7362C56A2A7D47B7004CBE1D /* FavoritesNFTViewPresenter.swift in Sources */,
				73EA4B082A73C789000B4B55 /* CatalogViewController.swift in Sources */,
				7362C55C2A7BB2CF004CBE1D /* UIBlockingProgressHUD.swift in Sources */,
				7362C5662A7C0450004CBE1D /* MyNFTViewPresenterProtocol.swift in Sources */,
				7362C5602A7BFB4E004CBE1D /* NFTsRequest.swift in Sources */,
				7362C5502A793912004CBE1D /* ProfileViewPresenterProtocol.swift in Sources */,
				7362C5522A793920004CBE1D /* ProfileViewControllerProtocol.swift in Sources */,
				73CE8B592A82DEDE00EF772E /* FavoritesNFTCollectionViewCellDelegate.swift in Sources */,
				7362C5562A7A7262004CBE1D /* ProfileService.swift in Sources */,
				7362C53C2A769EF8004CBE1D /* MyNFTViewController.swift in Sources */,
				7362C5312A7565F2004CBE1D /* ProfileTableViewCell.swift in Sources */,
				7362C56E2A7D47F6004CBE1D /* FavoritesNFTViewControllerProtocol.swift in Sources */,
				7362C5392A7597B3004CBE1D /* EditingProfileTableViewHeader.swift in Sources */,
				7362C5352A75704C004CBE1D /* EditingProfileView.swift in Sources */,
				7362C5452A785E71004CBE1D /* FavoritesNFTView.swift in Sources */,
				3F478ECF29DB474E00F6D39E /* UIColor + Extension.swift in Sources */,
				1FEA5B502A81498900946DD9 /* WebViewPresenter.swift in Sources */,
				7362C5702A7D481C004CBE1D /* FavoritesNFTViewPresenterProtocol.swift in Sources */,
				3F478ED129DB476500F6D39E /* Fonts.swift in Sources */,
				7362C5332A756D7C004CBE1D /* EditingProfileViewController.swift in Sources */,
				73EA4B122A73DBF0000B4B55 /* Resources.swift in Sources */,
				737D031D2A80703700DCB5B1 /* OnboardingManager.swift in Sources */,
				7362C54B2A787491004CBE1D /* FavoritesNFTCollectionViewCell.swift in Sources */,
				3F6806D529CBBEC700B4F915 /* NetworkTask.swift in Sources */,
				737D03212A80709100DCB5B1 /* OnboardingViewController.swift in Sources */,
				3F68069729CBBAF100B4F915 /* AppDelegate.swift in Sources */,
				C5D3AADA2A7B679D005A3694 /* GetUsersRequest.swift in Sources */,
				3F68069929CBBAF100B4F915 /* SceneDelegate.swift in Sources */,
				3FC8C39129D2453B0081F015 /* ProfileRequest.swift in Sources */,
				7362C5682A7C0460004CBE1D /* MyNFTViewControllerProtocol.swift in Sources */,
				737D03192A7FDBA600DCB5B1 /* EditingProfileViewPresenterProtocol.swift in Sources */,
				7362C5542A7A7009004CBE1D /* Profile.swift in Sources */,
				73EA4B1B2A744623000B4B55 /* LocalizableConstants.swift in Sources */,
				7362C5372A75852B004CBE1D /* EditingProfileTableViewCell.swift in Sources */,
				3F6806D329CBBE9600B4F915 /* NetworkRequest.swift in Sources */,
				73EA4B032A73C703000B4B55 /* TabBarController.swift in Sources */,
				73EA4B0B2A73C7A4000B4B55 /* CartViewController.swift in Sources */,
				7362C5622A7BFB92004CBE1D /* NFT.swift in Sources */,
				7362C5432A785E1A004CBE1D /* FavoritesNFTViewController.swift in Sources */,
				737D03162A7FDB8500DCB5B1 /* EditingProfileViewPresenter.swift in Sources */,
				7362C5642A7C0426004CBE1D /* MyNFTViewPresenter.swift in Sources */,
				73EA4B1D2A7471D2000B4B55 /* CustomNavigationViewController.swift in Sources */,
				7343AE322A82947F00FBD728 /* LikeService.swift in Sources */,
				73EA4B052A73C770000B4B55 /* ProfileViewController.swift in Sources */,
				737D031B2A7FDC9900DCB5B1 /* EditingProfileViewControllerProtocol.swift in Sources */,
				C5D3AADC2A7B67DC005A3694 /* User.swift in Sources */,
				737D03232A80776700DCB5B1 /* OnboardingPageViewController.swift in Sources */,
				7362C52E2A753D03004CBE1D /* ProfileView.swift in Sources */,
				7362C54D2A7938B6004CBE1D /* ProfileViewPresenter.swift in Sources */,
				7362C53E2A769F6C004CBE1D /* MyNFTView.swift in Sources */,
				3F6806D129CBBE6B00B4F915 /* NetworkClient.swift in Sources */,
			);
			runOnlyForDeploymentPostprocessing = 0;
		};
		3F6806A529CBBAF200B4F915 /* Sources */ = {
			isa = PBXSourcesBuildPhase;
			buildActionMask = 2147483647;
			files = (
				3F6806AE29CBBAF200B4F915 /* ExampleUnitTests.swift in Sources */,
			);
			runOnlyForDeploymentPostprocessing = 0;
		};
		3F6806AF29CBBAF200B4F915 /* Sources */ = {
			isa = PBXSourcesBuildPhase;
			buildActionMask = 2147483647;
			files = (
				3F6806B829CBBAF200B4F915 /* FakeNFTUITests.swift in Sources */,
			);
			runOnlyForDeploymentPostprocessing = 0;
		};
/* End PBXSourcesBuildPhase section */

/* Begin PBXTargetDependency section */
		3F6806AB29CBBAF200B4F915 /* PBXTargetDependency */ = {
			isa = PBXTargetDependency;
			target = 3F68069229CBBAF100B4F915 /* FakeNFT */;
			targetProxy = 3F6806AA29CBBAF200B4F915 /* PBXContainerItemProxy */;
		};
		3F6806B529CBBAF200B4F915 /* PBXTargetDependency */ = {
			isa = PBXTargetDependency;
			target = 3F68069229CBBAF100B4F915 /* FakeNFT */;
			targetProxy = 3F6806B429CBBAF200B4F915 /* PBXContainerItemProxy */;
		};
/* End PBXTargetDependency section */

/* Begin PBXVariantGroup section */
		3F6806A129CBBAF200B4F915 /* LaunchScreen.storyboard */ = {
			isa = PBXVariantGroup;
			children = (
				3F6806A229CBBAF200B4F915 /* Base */,
			);
			name = LaunchScreen.storyboard;
			sourceTree = "<group>";
		};
		73EA4B182A744591000B4B55 /* Localizable.strings */ = {
			isa = PBXVariantGroup;
			children = (
				73EA4B172A744591000B4B55 /* en */,
				73EA4B192A7445CC000B4B55 /* ru */,
			);
			name = Localizable.strings;
			sourceTree = "<group>";
		};
/* End PBXVariantGroup section */

/* Begin XCBuildConfiguration section */
		3F6806BB29CBBAF200B4F915 /* Debug */ = {
			isa = XCBuildConfiguration;
			buildSettings = {
				ALWAYS_SEARCH_USER_PATHS = NO;
				CLANG_ANALYZER_LOCALIZABILITY_NONLOCALIZED = YES;
				CLANG_ANALYZER_NONNULL = YES;
				CLANG_ANALYZER_NUMBER_OBJECT_CONVERSION = YES_AGGRESSIVE;
				CLANG_CXX_LANGUAGE_STANDARD = "gnu++20";
				CLANG_ENABLE_MODULES = YES;
				CLANG_ENABLE_OBJC_ARC = YES;
				CLANG_ENABLE_OBJC_WEAK = YES;
				CLANG_WARN_BLOCK_CAPTURE_AUTORELEASING = YES;
				CLANG_WARN_BOOL_CONVERSION = YES;
				CLANG_WARN_COMMA = YES;
				CLANG_WARN_CONSTANT_CONVERSION = YES;
				CLANG_WARN_DEPRECATED_OBJC_IMPLEMENTATIONS = YES;
				CLANG_WARN_DIRECT_OBJC_ISA_USAGE = YES_ERROR;
				CLANG_WARN_DOCUMENTATION_COMMENTS = YES;
				CLANG_WARN_EMPTY_BODY = YES;
				CLANG_WARN_ENUM_CONVERSION = YES;
				CLANG_WARN_INFINITE_RECURSION = YES;
				CLANG_WARN_INT_CONVERSION = YES;
				CLANG_WARN_NON_LITERAL_NULL_CONVERSION = YES;
				CLANG_WARN_OBJC_IMPLICIT_RETAIN_SELF = YES;
				CLANG_WARN_OBJC_LITERAL_CONVERSION = YES;
				CLANG_WARN_OBJC_ROOT_CLASS = YES_ERROR;
				CLANG_WARN_QUOTED_INCLUDE_IN_FRAMEWORK_HEADER = YES;
				CLANG_WARN_RANGE_LOOP_ANALYSIS = YES;
				CLANG_WARN_STRICT_PROTOTYPES = YES;
				CLANG_WARN_SUSPICIOUS_MOVE = YES;
				CLANG_WARN_UNGUARDED_AVAILABILITY = YES_AGGRESSIVE;
				CLANG_WARN_UNREACHABLE_CODE = YES;
				CLANG_WARN__DUPLICATE_METHOD_MATCH = YES;
				COPY_PHASE_STRIP = NO;
				DEBUG_INFORMATION_FORMAT = dwarf;
				ENABLE_STRICT_OBJC_MSGSEND = YES;
				ENABLE_TESTABILITY = YES;
				GCC_C_LANGUAGE_STANDARD = gnu11;
				GCC_DYNAMIC_NO_PIC = NO;
				GCC_NO_COMMON_BLOCKS = YES;
				GCC_OPTIMIZATION_LEVEL = 0;
				GCC_PREPROCESSOR_DEFINITIONS = (
					"DEBUG=1",
					"$(inherited)",
				);
				GCC_WARN_64_TO_32_BIT_CONVERSION = YES;
				GCC_WARN_ABOUT_RETURN_TYPE = YES_ERROR;
				GCC_WARN_UNDECLARED_SELECTOR = YES;
				GCC_WARN_UNINITIALIZED_AUTOS = YES_AGGRESSIVE;
				GCC_WARN_UNUSED_FUNCTION = YES;
				GCC_WARN_UNUSED_VARIABLE = YES;
				IPHONEOS_DEPLOYMENT_TARGET = 13.0;
				MTL_ENABLE_DEBUG_INFO = INCLUDE_SOURCE;
				MTL_FAST_MATH = YES;
				ONLY_ACTIVE_ARCH = YES;
				SDKROOT = iphoneos;
				SWIFT_ACTIVE_COMPILATION_CONDITIONS = DEBUG;
				SWIFT_OPTIMIZATION_LEVEL = "-Onone";
			};
			name = Debug;
		};
		3F6806BC29CBBAF200B4F915 /* Release */ = {
			isa = XCBuildConfiguration;
			buildSettings = {
				ALWAYS_SEARCH_USER_PATHS = NO;
				CLANG_ANALYZER_LOCALIZABILITY_NONLOCALIZED = YES;
				CLANG_ANALYZER_NONNULL = YES;
				CLANG_ANALYZER_NUMBER_OBJECT_CONVERSION = YES_AGGRESSIVE;
				CLANG_CXX_LANGUAGE_STANDARD = "gnu++20";
				CLANG_ENABLE_MODULES = YES;
				CLANG_ENABLE_OBJC_ARC = YES;
				CLANG_ENABLE_OBJC_WEAK = YES;
				CLANG_WARN_BLOCK_CAPTURE_AUTORELEASING = YES;
				CLANG_WARN_BOOL_CONVERSION = YES;
				CLANG_WARN_COMMA = YES;
				CLANG_WARN_CONSTANT_CONVERSION = YES;
				CLANG_WARN_DEPRECATED_OBJC_IMPLEMENTATIONS = YES;
				CLANG_WARN_DIRECT_OBJC_ISA_USAGE = YES_ERROR;
				CLANG_WARN_DOCUMENTATION_COMMENTS = YES;
				CLANG_WARN_EMPTY_BODY = YES;
				CLANG_WARN_ENUM_CONVERSION = YES;
				CLANG_WARN_INFINITE_RECURSION = YES;
				CLANG_WARN_INT_CONVERSION = YES;
				CLANG_WARN_NON_LITERAL_NULL_CONVERSION = YES;
				CLANG_WARN_OBJC_IMPLICIT_RETAIN_SELF = YES;
				CLANG_WARN_OBJC_LITERAL_CONVERSION = YES;
				CLANG_WARN_OBJC_ROOT_CLASS = YES_ERROR;
				CLANG_WARN_QUOTED_INCLUDE_IN_FRAMEWORK_HEADER = YES;
				CLANG_WARN_RANGE_LOOP_ANALYSIS = YES;
				CLANG_WARN_STRICT_PROTOTYPES = YES;
				CLANG_WARN_SUSPICIOUS_MOVE = YES;
				CLANG_WARN_UNGUARDED_AVAILABILITY = YES_AGGRESSIVE;
				CLANG_WARN_UNREACHABLE_CODE = YES;
				CLANG_WARN__DUPLICATE_METHOD_MATCH = YES;
				COPY_PHASE_STRIP = NO;
				DEBUG_INFORMATION_FORMAT = "dwarf-with-dsym";
				ENABLE_NS_ASSERTIONS = NO;
				ENABLE_STRICT_OBJC_MSGSEND = YES;
				GCC_C_LANGUAGE_STANDARD = gnu11;
				GCC_NO_COMMON_BLOCKS = YES;
				GCC_WARN_64_TO_32_BIT_CONVERSION = YES;
				GCC_WARN_ABOUT_RETURN_TYPE = YES_ERROR;
				GCC_WARN_UNDECLARED_SELECTOR = YES;
				GCC_WARN_UNINITIALIZED_AUTOS = YES_AGGRESSIVE;
				GCC_WARN_UNUSED_FUNCTION = YES;
				GCC_WARN_UNUSED_VARIABLE = YES;
				IPHONEOS_DEPLOYMENT_TARGET = 13.0;
				MTL_ENABLE_DEBUG_INFO = NO;
				MTL_FAST_MATH = YES;
				SDKROOT = iphoneos;
				SWIFT_COMPILATION_MODE = wholemodule;
				SWIFT_OPTIMIZATION_LEVEL = "-O";
				VALIDATE_PRODUCT = YES;
			};
			name = Release;
		};
		3F6806BE29CBBAF200B4F915 /* Debug */ = {
			isa = XCBuildConfiguration;
			buildSettings = {
				ASSETCATALOG_COMPILER_APPICON_NAME = AppIcon;
				ASSETCATALOG_COMPILER_GLOBAL_ACCENT_COLOR_NAME = AccentColor;
				CODE_SIGN_IDENTITY = "Apple Development";
				CODE_SIGN_STYLE = Automatic;
				CURRENT_PROJECT_VERSION = 1;
				DEVELOPMENT_TEAM = 6FKSY32YRW;
				GENERATE_INFOPLIST_FILE = YES;
				INFOPLIST_FILE = FakeNFT/Info.plist;
				INFOPLIST_KEY_UIApplicationSupportsIndirectInputEvents = YES;
				INFOPLIST_KEY_UILaunchStoryboardName = LaunchScreen;
				INFOPLIST_KEY_UISupportedInterfaceOrientations_iPad = "UIInterfaceOrientationPortrait UIInterfaceOrientationPortraitUpsideDown UIInterfaceOrientationLandscapeLeft UIInterfaceOrientationLandscapeRight";
				INFOPLIST_KEY_UISupportedInterfaceOrientations_iPhone = "UIInterfaceOrientationPortrait UIInterfaceOrientationLandscapeLeft UIInterfaceOrientationLandscapeRight";
				IPHONEOS_DEPLOYMENT_TARGET = 13.0;
				LD_RUNPATH_SEARCH_PATHS = (
					"$(inherited)",
					"@executable_path/Frameworks",
				);
				MARKETING_VERSION = 1.0;
				PRODUCT_BUNDLE_IDENTIFIER = ru.d1mon227.FakeNFT;
				PRODUCT_NAME = "$(TARGET_NAME)";
				PROVISIONING_PROFILE_SPECIFIER = "";
				SWIFT_EMIT_LOC_STRINGS = YES;
				SWIFT_VERSION = 5.0;
				TARGETED_DEVICE_FAMILY = "1,2";
			};
			name = Debug;
		};
		3F6806BF29CBBAF200B4F915 /* Release */ = {
			isa = XCBuildConfiguration;
			buildSettings = {
				ASSETCATALOG_COMPILER_APPICON_NAME = AppIcon;
				ASSETCATALOG_COMPILER_GLOBAL_ACCENT_COLOR_NAME = AccentColor;
				CODE_SIGN_IDENTITY = "Apple Development";
				CODE_SIGN_STYLE = Automatic;
				CURRENT_PROJECT_VERSION = 1;
				DEVELOPMENT_TEAM = 6FKSY32YRW;
				GENERATE_INFOPLIST_FILE = YES;
				INFOPLIST_FILE = FakeNFT/Info.plist;
				INFOPLIST_KEY_UIApplicationSupportsIndirectInputEvents = YES;
				INFOPLIST_KEY_UILaunchStoryboardName = LaunchScreen;
				INFOPLIST_KEY_UISupportedInterfaceOrientations_iPad = "UIInterfaceOrientationPortrait UIInterfaceOrientationPortraitUpsideDown UIInterfaceOrientationLandscapeLeft UIInterfaceOrientationLandscapeRight";
				INFOPLIST_KEY_UISupportedInterfaceOrientations_iPhone = "UIInterfaceOrientationPortrait UIInterfaceOrientationLandscapeLeft UIInterfaceOrientationLandscapeRight";
				IPHONEOS_DEPLOYMENT_TARGET = 13.0;
				LD_RUNPATH_SEARCH_PATHS = (
					"$(inherited)",
					"@executable_path/Frameworks",
				);
				MARKETING_VERSION = 1.0;
				PRODUCT_BUNDLE_IDENTIFIER = ru.d1mon227.FakeNFT;
				PRODUCT_NAME = "$(TARGET_NAME)";
				PROVISIONING_PROFILE_SPECIFIER = "";
				SWIFT_EMIT_LOC_STRINGS = YES;
				SWIFT_VERSION = 5.0;
				TARGETED_DEVICE_FAMILY = "1,2";
			};
			name = Release;
		};
		3F6806C129CBBAF200B4F915 /* Debug */ = {
			isa = XCBuildConfiguration;
			buildSettings = {
				ALWAYS_EMBED_SWIFT_STANDARD_LIBRARIES = YES;
				BUNDLE_LOADER = "$(TEST_HOST)";
				CODE_SIGN_STYLE = Automatic;
				CURRENT_PROJECT_VERSION = 1;
				GENERATE_INFOPLIST_FILE = YES;
				IPHONEOS_DEPLOYMENT_TARGET = 16.2;
				MARKETING_VERSION = 1.0;
				PRODUCT_BUNDLE_IDENTIFIER = com.practicum.FakeNFTTests;
				PRODUCT_NAME = "$(TARGET_NAME)";
				SWIFT_EMIT_LOC_STRINGS = NO;
				SWIFT_VERSION = 5.0;
				TARGETED_DEVICE_FAMILY = "1,2";
				TEST_HOST = "$(BUILT_PRODUCTS_DIR)/FakeNFT.app/$(BUNDLE_EXECUTABLE_FOLDER_PATH)/FakeNFT";
			};
			name = Debug;
		};
		3F6806C229CBBAF200B4F915 /* Release */ = {
			isa = XCBuildConfiguration;
			buildSettings = {
				ALWAYS_EMBED_SWIFT_STANDARD_LIBRARIES = YES;
				BUNDLE_LOADER = "$(TEST_HOST)";
				CODE_SIGN_STYLE = Automatic;
				CURRENT_PROJECT_VERSION = 1;
				GENERATE_INFOPLIST_FILE = YES;
				IPHONEOS_DEPLOYMENT_TARGET = 16.2;
				MARKETING_VERSION = 1.0;
				PRODUCT_BUNDLE_IDENTIFIER = com.practicum.FakeNFTTests;
				PRODUCT_NAME = "$(TARGET_NAME)";
				SWIFT_EMIT_LOC_STRINGS = NO;
				SWIFT_VERSION = 5.0;
				TARGETED_DEVICE_FAMILY = "1,2";
				TEST_HOST = "$(BUILT_PRODUCTS_DIR)/FakeNFT.app/$(BUNDLE_EXECUTABLE_FOLDER_PATH)/FakeNFT";
			};
			name = Release;
		};
		3F6806C429CBBAF200B4F915 /* Debug */ = {
			isa = XCBuildConfiguration;
			buildSettings = {
				ALWAYS_EMBED_SWIFT_STANDARD_LIBRARIES = YES;
				CODE_SIGN_STYLE = Automatic;
				CURRENT_PROJECT_VERSION = 1;
				GENERATE_INFOPLIST_FILE = YES;
				MARKETING_VERSION = 1.0;
				PRODUCT_BUNDLE_IDENTIFIER = com.practicum.FakeNFTUITests;
				PRODUCT_NAME = "$(TARGET_NAME)";
				SWIFT_EMIT_LOC_STRINGS = NO;
				SWIFT_VERSION = 5.0;
				TARGETED_DEVICE_FAMILY = "1,2";
				TEST_TARGET_NAME = FakeNFT;
			};
			name = Debug;
		};
		3F6806C529CBBAF200B4F915 /* Release */ = {
			isa = XCBuildConfiguration;
			buildSettings = {
				ALWAYS_EMBED_SWIFT_STANDARD_LIBRARIES = YES;
				CODE_SIGN_STYLE = Automatic;
				CURRENT_PROJECT_VERSION = 1;
				GENERATE_INFOPLIST_FILE = YES;
				MARKETING_VERSION = 1.0;
				PRODUCT_BUNDLE_IDENTIFIER = com.practicum.FakeNFTUITests;
				PRODUCT_NAME = "$(TARGET_NAME)";
				SWIFT_EMIT_LOC_STRINGS = NO;
				SWIFT_VERSION = 5.0;
				TARGETED_DEVICE_FAMILY = "1,2";
				TEST_TARGET_NAME = FakeNFT;
			};
			name = Release;
		};
/* End XCBuildConfiguration section */

/* Begin XCConfigurationList section */
		3F68068E29CBBAF100B4F915 /* Build configuration list for PBXProject "FakeNFT" */ = {
			isa = XCConfigurationList;
			buildConfigurations = (
				3F6806BB29CBBAF200B4F915 /* Debug */,
				3F6806BC29CBBAF200B4F915 /* Release */,
			);
			defaultConfigurationIsVisible = 0;
			defaultConfigurationName = Release;
		};
		3F6806BD29CBBAF200B4F915 /* Build configuration list for PBXNativeTarget "FakeNFT" */ = {
			isa = XCConfigurationList;
			buildConfigurations = (
				3F6806BE29CBBAF200B4F915 /* Debug */,
				3F6806BF29CBBAF200B4F915 /* Release */,
			);
			defaultConfigurationIsVisible = 0;
			defaultConfigurationName = Release;
		};
		3F6806C029CBBAF200B4F915 /* Build configuration list for PBXNativeTarget "FakeNFTTests" */ = {
			isa = XCConfigurationList;
			buildConfigurations = (
				3F6806C129CBBAF200B4F915 /* Debug */,
				3F6806C229CBBAF200B4F915 /* Release */,
			);
			defaultConfigurationIsVisible = 0;
			defaultConfigurationName = Release;
		};
		3F6806C329CBBAF200B4F915 /* Build configuration list for PBXNativeTarget "FakeNFTUITests" */ = {
			isa = XCConfigurationList;
			buildConfigurations = (
				3F6806C429CBBAF200B4F915 /* Debug */,
				3F6806C529CBBAF200B4F915 /* Release */,
			);
			defaultConfigurationIsVisible = 0;
			defaultConfigurationName = Release;
		};
/* End XCConfigurationList section */

/* Begin XCRemoteSwiftPackageReference section */
		3F603CCB29DB4A53000C43D7 /* XCRemoteSwiftPackageReference "ProgressHUD" */ = {
			isa = XCRemoteSwiftPackageReference;
			repositoryURL = "https://github.com/relatedcode/ProgressHUD";
			requirement = {
				kind = upToNextMajorVersion;
				minimumVersion = 13.0.0;
			};
		};
		3F603CCE29DB4A74000C43D7 /* XCRemoteSwiftPackageReference "Kingfisher" */ = {
			isa = XCRemoteSwiftPackageReference;
			repositoryURL = "https://github.com/onevcat/Kingfisher.git";
			requirement = {
				kind = upToNextMajorVersion;
				minimumVersion = 7.0.0;
			};
		};
		73EA4AFE2A73C510000B4B55 /* XCRemoteSwiftPackageReference "SnapKit" */ = {
			isa = XCRemoteSwiftPackageReference;
			repositoryURL = "https://github.com/SnapKit/SnapKit.git";
			requirement = {
				kind = exactVersion;
				version = 5.6.0;
			};
		};
/* End XCRemoteSwiftPackageReference section */

/* Begin XCSwiftPackageProductDependency section */
		3F603CCC29DB4A53000C43D7 /* ProgressHUD */ = {
			isa = XCSwiftPackageProductDependency;
			package = 3F603CCB29DB4A53000C43D7 /* XCRemoteSwiftPackageReference "ProgressHUD" */;
			productName = ProgressHUD;
		};
		3F603CCF29DB4A74000C43D7 /* Kingfisher */ = {
			isa = XCSwiftPackageProductDependency;
			package = 3F603CCE29DB4A74000C43D7 /* XCRemoteSwiftPackageReference "Kingfisher" */;
			productName = Kingfisher;
		};
		73EA4AFF2A73C511000B4B55 /* SnapKit */ = {
			isa = XCSwiftPackageProductDependency;
			package = 73EA4AFE2A73C510000B4B55 /* XCRemoteSwiftPackageReference "SnapKit" */;
			productName = SnapKit;
		};
/* End XCSwiftPackageProductDependency section */
	};
	rootObject = 3F68068B29CBBAF100B4F915 /* Project object */;
}
