// !$*UTF8*$!
{
	archiveVersion = 1;
	classes = {
	};
	objectVersion = 56;
	objects = {

/* Begin PBXBuildFile section */
		1F2A25652A8E243F00F8B1AD /* UIViewController+extension.swift in Sources */ = {isa = PBXBuildFile; fileRef = 1F2A25642A8E243F00F8B1AD /* UIViewController+extension.swift */; };
		1F2A25712A8E81F800F8B1AD /* NetworkReachabilityManager.swift in Sources */ = {isa = PBXBuildFile; fileRef = 1F2A25702A8E81F800F8B1AD /* NetworkReachabilityManager.swift */; };
		1F3E72992A8E9BC4007EBD36 /* AlertProtocol.swift in Sources */ = {isa = PBXBuildFile; fileRef = 1F3E72982A8E9BC4007EBD36 /* AlertProtocol.swift */; };
		1F7E8C8C2A951C6F00AF59FD /* SnapKit in Frameworks */ = {isa = PBXBuildFile; productRef = 1F7E8C8B2A951C6F00AF59FD /* SnapKit */; };
		1F7E8C8F2A951C8800AF59FD /* ProgressHUD in Frameworks */ = {isa = PBXBuildFile; productRef = 1F7E8C8E2A951C8800AF59FD /* ProgressHUD */; };
		1F7E8C922A951CA200AF59FD /* Kingfisher in Frameworks */ = {isa = PBXBuildFile; productRef = 1F7E8C912A951CA200AF59FD /* Kingfisher */; };
		1F7E8C952A951CC100AF59FD /* Reachability in Frameworks */ = {isa = PBXBuildFile; productRef = 1F7E8C942A951CC100AF59FD /* Reachability */; };
		1F7E8C982A951D0A00AF59FD /* YandexMobileMetrica in Frameworks */ = {isa = PBXBuildFile; productRef = 1F7E8C972A951D0A00AF59FD /* YandexMobileMetrica */; };
		1F7E8C9A2A951D0A00AF59FD /* YandexMobileMetricaCrashes in Frameworks */ = {isa = PBXBuildFile; productRef = 1F7E8C992A951D0A00AF59FD /* YandexMobileMetricaCrashes */; };
		1F7E8C9D2A951D5700AF59FD /* FirebaseAuth in Frameworks */ = {isa = PBXBuildFile; productRef = 1F7E8C9C2A951D5700AF59FD /* FirebaseAuth */; };
		1FEA5B4E2A81497100946DD9 /* WebViewController.swift in Sources */ = {isa = PBXBuildFile; fileRef = 1FEA5B4D2A81497100946DD9 /* WebViewController.swift */; };
		1FEA5B502A81498900946DD9 /* WebViewPresenter.swift in Sources */ = {isa = PBXBuildFile; fileRef = 1FEA5B4F2A81498900946DD9 /* WebViewPresenter.swift */; };
		1FEA5B7C2A8BE98600946DD9 /* NetworkErrorView.swift in Sources */ = {isa = PBXBuildFile; fileRef = 1FEA5B7B2A8BE98600946DD9 /* NetworkErrorView.swift */; };
		1F09D52D2A76C3D200367A6A /* UITableViewCell+extension.swift in Sources */ = {isa = PBXBuildFile; fileRef = 1F09D52C2A76C3D200367A6A /* UITableViewCell+extension.swift */; };
		1F09D52F2A76C3E900367A6A /* UIViewController+extension.swift in Sources */ = {isa = PBXBuildFile; fileRef = 1F09D52E2A76C3E900367A6A /* UIViewController+extension.swift */; };
		1F09D5312A76C40300367A6A /* NftCatalogService.swift in Sources */ = {isa = PBXBuildFile; fileRef = 1F09D5302A76C40300367A6A /* NftCatalogService.swift */; };
		1F09D5332A76C42400367A6A /* AlertProtocol.swift in Sources */ = {isa = PBXBuildFile; fileRef = 1F09D5322A76C42400367A6A /* AlertProtocol.swift */; };
		1F09D5352A76C44500367A6A /* NftResponse.swift in Sources */ = {isa = PBXBuildFile; fileRef = 1F09D5342A76C44500367A6A /* NftResponse.swift */; };
		1F09D5372A76C47200367A6A /* CatalogModulesFactory.swift in Sources */ = {isa = PBXBuildFile; fileRef = 1F09D5362A76C47200367A6A /* CatalogModulesFactory.swift */; };
		1F09D5392A76C48F00367A6A /* SortingType.swift in Sources */ = {isa = PBXBuildFile; fileRef = 1F09D5382A76C48F00367A6A /* SortingType.swift */; };
		1F09D53B2A76C4A100367A6A /* CatalogTableViewCell.swift in Sources */ = {isa = PBXBuildFile; fileRef = 1F09D53A2A76C4A100367A6A /* CatalogTableViewCell.swift */; };
		1F09D53D2A76C4B600367A6A /* CatalogPresenter.swift in Sources */ = {isa = PBXBuildFile; fileRef = 1F09D53C2A76C4B600367A6A /* CatalogPresenter.swift */; };
		1F09D53F2A76C4CD00367A6A /* CatalogPresenterProtocol.swift in Sources */ = {isa = PBXBuildFile; fileRef = 1F09D53E2A76C4CD00367A6A /* CatalogPresenterProtocol.swift */; };
		1F09D5412A76C4F000367A6A /* CatalogViewProtocol.swift in Sources */ = {isa = PBXBuildFile; fileRef = 1F09D5402A76C4F000367A6A /* CatalogViewProtocol.swift */; };
		1F09D5452A77B89500367A6A /* URLSession+extension.swift in Sources */ = {isa = PBXBuildFile; fileRef = 1F09D5442A77B89500367A6A /* URLSession+extension.swift */; };
		1F09D5472A7A293D00367A6A /* NftCollectionRequest.swift in Sources */ = {isa = PBXBuildFile; fileRef = 1F09D5462A7A293D00367A6A /* NftCollectionRequest.swift */; };
		1F09D54D2A7E489500367A6A /* CatalogTableViewCellViewModel.swift in Sources */ = {isa = PBXBuildFile; fileRef = 1F09D54C2A7E489500367A6A /* CatalogTableViewCellViewModel.swift */; };
		1F09D54F2A7E48F100367A6A /* String+extension.swift in Sources */ = {isa = PBXBuildFile; fileRef = 1F09D54E2A7E48F100367A6A /* String+extension.swift */; };
		1F09D5562A7E921100367A6A /* NFTCollectionTableViewCell.swift in Sources */ = {isa = PBXBuildFile; fileRef = 1F09D5552A7E921100367A6A /* NFTCollectionTableViewCell.swift */; };
		1F09D5582A7E928A00367A6A /* NFTCollectionTableViewCellModel.swift in Sources */ = {isa = PBXBuildFile; fileRef = 1F09D5572A7E928A00367A6A /* NFTCollectionTableViewCellModel.swift */; };
		1F09D55B2A7E92C300367A6A /* DetailedCollectionPresenter.swift in Sources */ = {isa = PBXBuildFile; fileRef = 1F09D55A2A7E92C300367A6A /* DetailedCollectionPresenter.swift */; };
		1F09D55D2A7E92DC00367A6A /* DetailedCollectionPresenterProtocol.swift in Sources */ = {isa = PBXBuildFile; fileRef = 1F09D55C2A7E92DC00367A6A /* DetailedCollectionPresenterProtocol.swift */; };
		1F09D55F2A7E930E00367A6A /* CategoriesViewController.swift in Sources */ = {isa = PBXBuildFile; fileRef = 1F09D55E2A7E930E00367A6A /* CategoriesViewController.swift */; };
		1F09D5612A7E933500367A6A /* CategoriesViewProtocoll.swift in Sources */ = {isa = PBXBuildFile; fileRef = 1F09D5602A7E933500367A6A /* CategoriesViewProtocoll.swift */; };
		1FEA5B392A80ACF500946DD9 /* WebViewController.swift in Sources */ = {isa = PBXBuildFile; fileRef = 1FEA5B382A80ACF500946DD9 /* WebViewController.swift */; };
		1FEA5B3C2A80B19C00946DD9 /* WebViewPresenter.swift in Sources */ = {isa = PBXBuildFile; fileRef = 1FEA5B3B2A80B19C00946DD9 /* WebViewPresenter.swift */; };
		1FEA5B3E2A80B9DB00946DD9 /* CollectionDetailsTableViewCell.swift in Sources */ = {isa = PBXBuildFile; fileRef = 1FEA5B3D2A80B9DB00946DD9 /* CollectionDetailsTableViewCell.swift */; };
		1FEA5B412A80BD8D00946DD9 /* NFTAuthorService.swift in Sources */ = {isa = PBXBuildFile; fileRef = 1FEA5B402A80BD8D00946DD9 /* NFTAuthorService.swift */; };
		1FEA5B432A80BE9000946DD9 /* AuthorResponse.swift in Sources */ = {isa = PBXBuildFile; fileRef = 1FEA5B422A80BE9000946DD9 /* AuthorResponse.swift */; };
		1FEA5B472A80D5E500946DD9 /* UIBlockingProgressHUD.swift in Sources */ = {isa = PBXBuildFile; fileRef = 1FEA5B462A80D5E500946DD9 /* UIBlockingProgressHUD.swift */; };
		1FEA5B492A80DBCC00946DD9 /* CAGradientLayer+extension.swift in Sources */ = {isa = PBXBuildFile; fileRef = 1FEA5B482A80DBCC00946DD9 /* CAGradientLayer+extension.swift */; };
		1FEA5B4B2A8145A800946DD9 /* AuthorRequest.swift in Sources */ = {isa = PBXBuildFile; fileRef = 1FEA5B4A2A8145A800946DD9 /* AuthorRequest.swift */; };
		3F478ECF29DB474E00F6D39E /* UIColor + Extension.swift in Sources */ = {isa = PBXBuildFile; fileRef = 3F478ECE29DB474E00F6D39E /* UIColor + Extension.swift */; };
		3F478ED129DB476500F6D39E /* Fonts.swift in Sources */ = {isa = PBXBuildFile; fileRef = 3F478ED029DB476500F6D39E /* Fonts.swift */; };
		3F68069729CBBAF100B4F915 /* AppDelegate.swift in Sources */ = {isa = PBXBuildFile; fileRef = 3F68069629CBBAF100B4F915 /* AppDelegate.swift */; };
		3F68069929CBBAF100B4F915 /* SceneDelegate.swift in Sources */ = {isa = PBXBuildFile; fileRef = 3F68069829CBBAF100B4F915 /* SceneDelegate.swift */; };
		3F6806A029CBBAF200B4F915 /* Assets.xcassets in Resources */ = {isa = PBXBuildFile; fileRef = 3F68069F29CBBAF200B4F915 /* Assets.xcassets */; };
		3F6806A329CBBAF200B4F915 /* LaunchScreen.storyboard in Resources */ = {isa = PBXBuildFile; fileRef = 3F6806A129CBBAF200B4F915 /* LaunchScreen.storyboard */; };
		3F6806AE29CBBAF200B4F915 /* ExampleUnitTests.swift in Sources */ = {isa = PBXBuildFile; fileRef = 3F6806AD29CBBAF200B4F915 /* ExampleUnitTests.swift */; };
		3F6806B829CBBAF200B4F915 /* FakeNFTUITests.swift in Sources */ = {isa = PBXBuildFile; fileRef = 3F6806B729CBBAF200B4F915 /* FakeNFTUITests.swift */; };
		3F6806D129CBBE6B00B4F915 /* NetworkClient.swift in Sources */ = {isa = PBXBuildFile; fileRef = 3F6806D029CBBE6B00B4F915 /* NetworkClient.swift */; };
		3F6806D329CBBE9600B4F915 /* NetworkRequest.swift in Sources */ = {isa = PBXBuildFile; fileRef = 3F6806D229CBBE9600B4F915 /* NetworkRequest.swift */; };
		3F6806D529CBBEC700B4F915 /* NetworkTask.swift in Sources */ = {isa = PBXBuildFile; fileRef = 3F6806D429CBBEC700B4F915 /* NetworkTask.swift */; };
		7300E0382A920E9800AD427A /* ResetPasswordViewPresenter.swift in Sources */ = {isa = PBXBuildFile; fileRef = 7300E0372A920E9800AD427A /* ResetPasswordViewPresenter.swift */; };
		7300E03B2A920ECD00AD427A /* ResetPasswordViewPresenterProtocol.swift in Sources */ = {isa = PBXBuildFile; fileRef = 7300E03A2A920ECD00AD427A /* ResetPasswordViewPresenterProtocol.swift */; };
		7300E03D2A920EDD00AD427A /* ResetPasswordViewControllerProtocol.swift in Sources */ = {isa = PBXBuildFile; fileRef = 7300E03C2A920EDD00AD427A /* ResetPasswordViewControllerProtocol.swift */; };
		7300E0882A93A84300AD427A /* Alert.swift in Sources */ = {isa = PBXBuildFile; fileRef = 7300E0872A93A84300AD427A /* Alert.swift */; };
		7300E08B2A93AEF100AD427A /* AlertServiceProtocol.swift in Sources */ = {isa = PBXBuildFile; fileRef = 7300E08A2A93AEF100AD427A /* AlertServiceProtocol.swift */; };
		730B23922A8C28A500F5D832 /* NFTCardViewPresenterProtocol.swift in Sources */ = {isa = PBXBuildFile; fileRef = 730B23912A8C28A500F5D832 /* NFTCardViewPresenterProtocol.swift */; };
		730B23942A8C28DD00F5D832 /* NFTCardViewControllerProtocol.swift in Sources */ = {isa = PBXBuildFile; fileRef = 730B23932A8C28DD00F5D832 /* NFTCardViewControllerProtocol.swift */; };
		730B23972A8C292600F5D832 /* NFTCardView.swift in Sources */ = {isa = PBXBuildFile; fileRef = 730B23962A8C292600F5D832 /* NFTCardView.swift */; };
		730B23992A8C296400F5D832 /* NFTCardViewController.swift in Sources */ = {isa = PBXBuildFile; fileRef = 730B23982A8C296400F5D832 /* NFTCardViewController.swift */; };
		730B239B2A8C298900F5D832 /* NFTCardViewPresenter.swift in Sources */ = {isa = PBXBuildFile; fileRef = 730B239A2A8C298900F5D832 /* NFTCardViewPresenter.swift */; };
		730B239D2A8C29A500F5D832 /* NFTCardTableViewCell.swift in Sources */ = {isa = PBXBuildFile; fileRef = 730B239C2A8C29A500F5D832 /* NFTCardTableViewCell.swift */; };
		730B239F2A8C29C500F5D832 /* NFTCardCollectionViewCell.swift in Sources */ = {isa = PBXBuildFile; fileRef = 730B239E2A8C29C500F5D832 /* NFTCardCollectionViewCell.swift */; };
		730B23A12A8C2A6E00F5D832 /* NFT.swift in Sources */ = {isa = PBXBuildFile; fileRef = 730B23A02A8C2A6E00F5D832 /* NFT.swift */; };
		732A443A2A88FFBE00A593C2 /* AnalyticsService.swift in Sources */ = {isa = PBXBuildFile; fileRef = 732A44392A88FFBE00A593C2 /* AnalyticsService.swift */; };
		733B358A2A90CD270068C2C6 /* GoogleService-Info.plist in Resources */ = {isa = PBXBuildFile; fileRef = 733B35892A90CD270068C2C6 /* GoogleService-Info.plist */; };
		733B35962A90D17A0068C2C6 /* AuthViewController.swift in Sources */ = {isa = PBXBuildFile; fileRef = 733B35952A90D17A0068C2C6 /* AuthViewController.swift */; };
		733B35982A90D1AA0068C2C6 /* RegistrationViewController.swift in Sources */ = {isa = PBXBuildFile; fileRef = 733B35972A90D1AA0068C2C6 /* RegistrationViewController.swift */; };
		733B359E2A90D2C00068C2C6 /* ResetPasswordViewController.swift in Sources */ = {isa = PBXBuildFile; fileRef = 733B359D2A90D2C00068C2C6 /* ResetPasswordViewController.swift */; };
		733B35A02A90D4500068C2C6 /* AuthView.swift in Sources */ = {isa = PBXBuildFile; fileRef = 733B359F2A90D4500068C2C6 /* AuthView.swift */; };
		733B35A22A90E7910068C2C6 /* AuthViewPresenter.swift in Sources */ = {isa = PBXBuildFile; fileRef = 733B35A12A90E7910068C2C6 /* AuthViewPresenter.swift */; };
		733B35A52A90E7C20068C2C6 /* AuthViewControllerProtocol.swift in Sources */ = {isa = PBXBuildFile; fileRef = 733B35A42A90E7C20068C2C6 /* AuthViewControllerProtocol.swift */; };
		733B35A72A90E7D20068C2C6 /* AuthViewPresenterProtocol.swift in Sources */ = {isa = PBXBuildFile; fileRef = 733B35A62A90E7D20068C2C6 /* AuthViewPresenterProtocol.swift */; };
		733B35A92A90F0B70068C2C6 /* ResetPasswordView.swift in Sources */ = {isa = PBXBuildFile; fileRef = 733B35A82A90F0B70068C2C6 /* ResetPasswordView.swift */; };
		7362C5492A786ACE004CBE1D /* AlertService.swift in Sources */ = {isa = PBXBuildFile; fileRef = 7362C5482A786ACE004CBE1D /* AlertService.swift */; };
		7375ECFF2A91109800107A63 /* SplashScreenViewController.swift in Sources */ = {isa = PBXBuildFile; fileRef = 7375ECFE2A91109800107A63 /* SplashScreenViewController.swift */; };
		737D031D2A80703700DCB5B1 /* OnboardingManager.swift in Sources */ = {isa = PBXBuildFile; fileRef = 737D031C2A80703700DCB5B1 /* OnboardingManager.swift */; };
		737D03212A80709100DCB5B1 /* OnboardingViewController.swift in Sources */ = {isa = PBXBuildFile; fileRef = 737D03202A80709100DCB5B1 /* OnboardingViewController.swift */; };
		737D03232A80776700DCB5B1 /* OnboardingPageViewController.swift in Sources */ = {isa = PBXBuildFile; fileRef = 737D03222A80776700DCB5B1 /* OnboardingPageViewController.swift */; };
		73C3EB5B2A8D390900E047E0 /* CurrencyRequest.swift in Sources */ = {isa = PBXBuildFile; fileRef = 73C3EB5A2A8D390900E047E0 /* CurrencyRequest.swift */; };
		73C3EB5D2A8D393100E047E0 /* Currency.swift in Sources */ = {isa = PBXBuildFile; fileRef = 73C3EB5C2A8D393100E047E0 /* Currency.swift */; };
		73C3EB5F2A8D394B00E047E0 /* CurrencyService.swift in Sources */ = {isa = PBXBuildFile; fileRef = 73C3EB5E2A8D394B00E047E0 /* CurrencyService.swift */; };
		73C3EB612A8E7C3700E047E0 /* NFTService.swift in Sources */ = {isa = PBXBuildFile; fileRef = 73C3EB602A8E7C3700E047E0 /* NFTService.swift */; };
		73C3EB632A8E7C6100E047E0 /* NFTsRequest.swift in Sources */ = {isa = PBXBuildFile; fileRef = 73C3EB622A8E7C6100E047E0 /* NFTsRequest.swift */; };
		73D526D72A84C4020056116E /* UIBlockingProgressHUD.swift in Sources */ = {isa = PBXBuildFile; fileRef = 73D526D62A84C4020056116E /* UIBlockingProgressHUD.swift */; };
		73D526D92A84C4420056116E /* UIImageView + Extension.swift in Sources */ = {isa = PBXBuildFile; fileRef = 73D526D82A84C4420056116E /* UIImageView + Extension.swift */; };
		73EA4B032A73C703000B4B55 /* TabBarController.swift in Sources */ = {isa = PBXBuildFile; fileRef = 73EA4B022A73C703000B4B55 /* TabBarController.swift */; };
		73EA4B052A73C770000B4B55 /* ProfileViewController.swift in Sources */ = {isa = PBXBuildFile; fileRef = 73EA4B042A73C770000B4B55 /* ProfileViewController.swift */; };
		73EA4B082A73C789000B4B55 /* CatalogViewController.swift in Sources */ = {isa = PBXBuildFile; fileRef = 73EA4B072A73C789000B4B55 /* CatalogViewController.swift */; };
		73EA4B0B2A73C7A4000B4B55 /* CartViewController.swift in Sources */ = {isa = PBXBuildFile; fileRef = 73EA4B0A2A73C7A4000B4B55 /* CartViewController.swift */; };
		73EA4B0E2A73C7C4000B4B55 /* StatisticsViewController.swift in Sources */ = {isa = PBXBuildFile; fileRef = 73EA4B0D2A73C7C4000B4B55 /* StatisticsViewController.swift */; };
		73EA4B122A73DBF0000B4B55 /* Resources.swift in Sources */ = {isa = PBXBuildFile; fileRef = 73EA4B112A73DBF0000B4B55 /* Resources.swift */; };
		73EA4B162A744591000B4B55 /* Localizable.strings in Resources */ = {isa = PBXBuildFile; fileRef = 73EA4B182A744591000B4B55 /* Localizable.strings */; };
		73EA4B1B2A744623000B4B55 /* LocalizableConstants.swift in Sources */ = {isa = PBXBuildFile; fileRef = 73EA4B1A2A744623000B4B55 /* LocalizableConstants.swift */; };
		73EA4B1D2A7471D2000B4B55 /* CustomNavigationViewController.swift in Sources */ = {isa = PBXBuildFile; fileRef = 73EA4B1C2A7471D2000B4B55 /* CustomNavigationViewController.swift */; };
		C50E6CC52A7E930000B852F9 /* User.swift in Sources */ = {isa = PBXBuildFile; fileRef = C50E6CC42A7E930000B852F9 /* User.swift */; };
		C51A14262A91F538002B1DC5 /* RegistrationViewPresenter.swift in Sources */ = {isa = PBXBuildFile; fileRef = C51A14252A91F538002B1DC5 /* RegistrationViewPresenter.swift */; };
		C51A14282A91F567002B1DC5 /* RegistrationView.swift in Sources */ = {isa = PBXBuildFile; fileRef = C51A14272A91F567002B1DC5 /* RegistrationView.swift */; };
/* End PBXBuildFile section */

/* Begin PBXContainerItemProxy section */
		3F6806AA29CBBAF200B4F915 /* PBXContainerItemProxy */ = {
			isa = PBXContainerItemProxy;
			containerPortal = 3F68068B29CBBAF100B4F915 /* Project object */;
			proxyType = 1;
			remoteGlobalIDString = 3F68069229CBBAF100B4F915;
			remoteInfo = FakeNFT;
		};
		3F6806B429CBBAF200B4F915 /* PBXContainerItemProxy */ = {
			isa = PBXContainerItemProxy;
			containerPortal = 3F68068B29CBBAF100B4F915 /* Project object */;
			proxyType = 1;
			remoteGlobalIDString = 3F68069229CBBAF100B4F915;
			remoteInfo = FakeNFT;
		};
/* End PBXContainerItemProxy section */

/* Begin PBXFileReference section */
		1F2A25642A8E243F00F8B1AD /* UIViewController+extension.swift */ = {isa = PBXFileReference; lastKnownFileType = sourcecode.swift; path = "UIViewController+extension.swift"; sourceTree = "<group>"; };
		1F2A25702A8E81F800F8B1AD /* NetworkReachabilityManager.swift */ = {isa = PBXFileReference; lastKnownFileType = sourcecode.swift; path = NetworkReachabilityManager.swift; sourceTree = "<group>"; };
		1F3E72982A8E9BC4007EBD36 /* AlertProtocol.swift */ = {isa = PBXFileReference; lastKnownFileType = sourcecode.swift; path = AlertProtocol.swift; sourceTree = "<group>"; };
		1FEA5B4D2A81497100946DD9 /* WebViewController.swift */ = {isa = PBXFileReference; lastKnownFileType = sourcecode.swift; path = WebViewController.swift; sourceTree = "<group>"; };
		1FEA5B4F2A81498900946DD9 /* WebViewPresenter.swift */ = {isa = PBXFileReference; lastKnownFileType = sourcecode.swift; path = WebViewPresenter.swift; sourceTree = "<group>"; };
		1FEA5B7B2A8BE98600946DD9 /* NetworkErrorView.swift */ = {isa = PBXFileReference; lastKnownFileType = sourcecode.swift; path = NetworkErrorView.swift; sourceTree = "<group>"; };
		1F09D52C2A76C3D200367A6A /* UITableViewCell+extension.swift */ = {isa = PBXFileReference; lastKnownFileType = sourcecode.swift; path = "UITableViewCell+extension.swift"; sourceTree = "<group>"; };
		1F09D52E2A76C3E900367A6A /* UIViewController+extension.swift */ = {isa = PBXFileReference; lastKnownFileType = sourcecode.swift; path = "UIViewController+extension.swift"; sourceTree = "<group>"; };
		1F09D5302A76C40300367A6A /* NftCatalogService.swift */ = {isa = PBXFileReference; lastKnownFileType = sourcecode.swift; path = NftCatalogService.swift; sourceTree = "<group>"; };
		1F09D5322A76C42400367A6A /* AlertProtocol.swift */ = {isa = PBXFileReference; lastKnownFileType = sourcecode.swift; path = AlertProtocol.swift; sourceTree = "<group>"; };
		1F09D5342A76C44500367A6A /* NftResponse.swift */ = {isa = PBXFileReference; lastKnownFileType = sourcecode.swift; path = NftResponse.swift; sourceTree = "<group>"; };
		1F09D5362A76C47200367A6A /* CatalogModulesFactory.swift */ = {isa = PBXFileReference; lastKnownFileType = sourcecode.swift; path = CatalogModulesFactory.swift; sourceTree = "<group>"; };
		1F09D5382A76C48F00367A6A /* SortingType.swift */ = {isa = PBXFileReference; lastKnownFileType = sourcecode.swift; path = SortingType.swift; sourceTree = "<group>"; };
		1F09D53A2A76C4A100367A6A /* CatalogTableViewCell.swift */ = {isa = PBXFileReference; lastKnownFileType = sourcecode.swift; path = CatalogTableViewCell.swift; sourceTree = "<group>"; };
		1F09D53C2A76C4B600367A6A /* CatalogPresenter.swift */ = {isa = PBXFileReference; lastKnownFileType = sourcecode.swift; path = CatalogPresenter.swift; sourceTree = "<group>"; };
		1F09D53E2A76C4CD00367A6A /* CatalogPresenterProtocol.swift */ = {isa = PBXFileReference; lastKnownFileType = sourcecode.swift; path = CatalogPresenterProtocol.swift; sourceTree = "<group>"; };
		1F09D5402A76C4F000367A6A /* CatalogViewProtocol.swift */ = {isa = PBXFileReference; lastKnownFileType = sourcecode.swift; path = CatalogViewProtocol.swift; sourceTree = "<group>"; };
		1F09D5442A77B89500367A6A /* URLSession+extension.swift */ = {isa = PBXFileReference; lastKnownFileType = sourcecode.swift; path = "URLSession+extension.swift"; sourceTree = "<group>"; };
		1F09D5462A7A293D00367A6A /* NftCollectionRequest.swift */ = {isa = PBXFileReference; lastKnownFileType = sourcecode.swift; path = NftCollectionRequest.swift; sourceTree = "<group>"; };
		1F09D54C2A7E489500367A6A /* CatalogTableViewCellViewModel.swift */ = {isa = PBXFileReference; lastKnownFileType = sourcecode.swift; path = CatalogTableViewCellViewModel.swift; sourceTree = "<group>"; };
		1F09D54E2A7E48F100367A6A /* String+extension.swift */ = {isa = PBXFileReference; lastKnownFileType = sourcecode.swift; path = "String+extension.swift"; sourceTree = "<group>"; };
		1F09D5552A7E921100367A6A /* NFTCollectionTableViewCell.swift */ = {isa = PBXFileReference; lastKnownFileType = sourcecode.swift; path = NFTCollectionTableViewCell.swift; sourceTree = "<group>"; };
		1F09D5572A7E928A00367A6A /* NFTCollectionTableViewCellModel.swift */ = {isa = PBXFileReference; lastKnownFileType = sourcecode.swift; path = NFTCollectionTableViewCellModel.swift; sourceTree = "<group>"; };
		1F09D55A2A7E92C300367A6A /* DetailedCollectionPresenter.swift */ = {isa = PBXFileReference; lastKnownFileType = sourcecode.swift; path = DetailedCollectionPresenter.swift; sourceTree = "<group>"; };
		1F09D55C2A7E92DC00367A6A /* DetailedCollectionPresenterProtocol.swift */ = {isa = PBXFileReference; lastKnownFileType = sourcecode.swift; path = DetailedCollectionPresenterProtocol.swift; sourceTree = "<group>"; };
		1F09D55E2A7E930E00367A6A /* CategoriesViewController.swift */ = {isa = PBXFileReference; lastKnownFileType = sourcecode.swift; path = CategoriesViewController.swift; sourceTree = "<group>"; };
		1F09D5602A7E933500367A6A /* CategoriesViewProtocoll.swift */ = {isa = PBXFileReference; lastKnownFileType = sourcecode.swift; path = CategoriesViewProtocoll.swift; sourceTree = "<group>"; };
		1FEA5B382A80ACF500946DD9 /* WebViewController.swift */ = {isa = PBXFileReference; lastKnownFileType = sourcecode.swift; path = WebViewController.swift; sourceTree = "<group>"; };
		1FEA5B3B2A80B19C00946DD9 /* WebViewPresenter.swift */ = {isa = PBXFileReference; lastKnownFileType = sourcecode.swift; path = WebViewPresenter.swift; sourceTree = "<group>"; };
		1FEA5B3D2A80B9DB00946DD9 /* CollectionDetailsTableViewCell.swift */ = {isa = PBXFileReference; lastKnownFileType = sourcecode.swift; path = CollectionDetailsTableViewCell.swift; sourceTree = "<group>"; };
		1FEA5B402A80BD8D00946DD9 /* NFTAuthorService.swift */ = {isa = PBXFileReference; lastKnownFileType = sourcecode.swift; path = NFTAuthorService.swift; sourceTree = "<group>"; };
		1FEA5B422A80BE9000946DD9 /* AuthorResponse.swift */ = {isa = PBXFileReference; lastKnownFileType = sourcecode.swift; path = AuthorResponse.swift; sourceTree = "<group>"; };
		1FEA5B462A80D5E500946DD9 /* UIBlockingProgressHUD.swift */ = {isa = PBXFileReference; lastKnownFileType = sourcecode.swift; path = UIBlockingProgressHUD.swift; sourceTree = "<group>"; };
		1FEA5B482A80DBCC00946DD9 /* CAGradientLayer+extension.swift */ = {isa = PBXFileReference; lastKnownFileType = sourcecode.swift; path = "CAGradientLayer+extension.swift"; sourceTree = "<group>"; };
		1FEA5B4A2A8145A800946DD9 /* AuthorRequest.swift */ = {isa = PBXFileReference; lastKnownFileType = sourcecode.swift; path = AuthorRequest.swift; sourceTree = "<group>"; };
		3F478ECE29DB474E00F6D39E /* UIColor + Extension.swift */ = {isa = PBXFileReference; lastKnownFileType = sourcecode.swift; path = "UIColor + Extension.swift"; sourceTree = "<group>"; };
		3F478ED029DB476500F6D39E /* Fonts.swift */ = {isa = PBXFileReference; lastKnownFileType = sourcecode.swift; path = Fonts.swift; sourceTree = "<group>"; };
		3F68069329CBBAF100B4F915 /* FakeNFT.app */ = {isa = PBXFileReference; explicitFileType = wrapper.application; includeInIndex = 0; path = FakeNFT.app; sourceTree = BUILT_PRODUCTS_DIR; };
		3F68069629CBBAF100B4F915 /* AppDelegate.swift */ = {isa = PBXFileReference; lastKnownFileType = sourcecode.swift; path = AppDelegate.swift; sourceTree = "<group>"; };
		3F68069829CBBAF100B4F915 /* SceneDelegate.swift */ = {isa = PBXFileReference; lastKnownFileType = sourcecode.swift; path = SceneDelegate.swift; sourceTree = "<group>"; };
		3F68069F29CBBAF200B4F915 /* Assets.xcassets */ = {isa = PBXFileReference; lastKnownFileType = folder.assetcatalog; path = Assets.xcassets; sourceTree = "<group>"; };
		3F6806A229CBBAF200B4F915 /* Base */ = {isa = PBXFileReference; lastKnownFileType = file.storyboard; name = Base; path = Base.lproj/LaunchScreen.storyboard; sourceTree = "<group>"; };
		3F6806A429CBBAF200B4F915 /* Info.plist */ = {isa = PBXFileReference; lastKnownFileType = text.plist.xml; path = Info.plist; sourceTree = "<group>"; };
		3F6806A929CBBAF200B4F915 /* FakeNFTTests.xctest */ = {isa = PBXFileReference; explicitFileType = wrapper.cfbundle; includeInIndex = 0; path = FakeNFTTests.xctest; sourceTree = BUILT_PRODUCTS_DIR; };
		3F6806AD29CBBAF200B4F915 /* ExampleUnitTests.swift */ = {isa = PBXFileReference; lastKnownFileType = sourcecode.swift; path = ExampleUnitTests.swift; sourceTree = "<group>"; };
		3F6806B329CBBAF200B4F915 /* FakeNFTUITests.xctest */ = {isa = PBXFileReference; explicitFileType = wrapper.cfbundle; includeInIndex = 0; path = FakeNFTUITests.xctest; sourceTree = BUILT_PRODUCTS_DIR; };
		3F6806B729CBBAF200B4F915 /* FakeNFTUITests.swift */ = {isa = PBXFileReference; lastKnownFileType = sourcecode.swift; path = FakeNFTUITests.swift; sourceTree = "<group>"; };
		3F6806D029CBBE6B00B4F915 /* NetworkClient.swift */ = {isa = PBXFileReference; lastKnownFileType = sourcecode.swift; path = NetworkClient.swift; sourceTree = "<group>"; };
		3F6806D229CBBE9600B4F915 /* NetworkRequest.swift */ = {isa = PBXFileReference; lastKnownFileType = sourcecode.swift; path = NetworkRequest.swift; sourceTree = "<group>"; };
		3F6806D429CBBEC700B4F915 /* NetworkTask.swift */ = {isa = PBXFileReference; lastKnownFileType = sourcecode.swift; path = NetworkTask.swift; sourceTree = "<group>"; };
		7300E0372A920E9800AD427A /* ResetPasswordViewPresenter.swift */ = {isa = PBXFileReference; lastKnownFileType = sourcecode.swift; path = ResetPasswordViewPresenter.swift; sourceTree = "<group>"; };
		7300E03A2A920ECD00AD427A /* ResetPasswordViewPresenterProtocol.swift */ = {isa = PBXFileReference; lastKnownFileType = sourcecode.swift; path = ResetPasswordViewPresenterProtocol.swift; sourceTree = "<group>"; };
		7300E03C2A920EDD00AD427A /* ResetPasswordViewControllerProtocol.swift */ = {isa = PBXFileReference; lastKnownFileType = sourcecode.swift; path = ResetPasswordViewControllerProtocol.swift; sourceTree = "<group>"; };
		7300E0872A93A84300AD427A /* Alert.swift */ = {isa = PBXFileReference; lastKnownFileType = sourcecode.swift; path = Alert.swift; sourceTree = "<group>"; };
		7300E08A2A93AEF100AD427A /* AlertServiceProtocol.swift */ = {isa = PBXFileReference; lastKnownFileType = sourcecode.swift; path = AlertServiceProtocol.swift; sourceTree = "<group>"; };
		730B23912A8C28A500F5D832 /* NFTCardViewPresenterProtocol.swift */ = {isa = PBXFileReference; lastKnownFileType = sourcecode.swift; path = NFTCardViewPresenterProtocol.swift; sourceTree = "<group>"; };
		730B23932A8C28DD00F5D832 /* NFTCardViewControllerProtocol.swift */ = {isa = PBXFileReference; lastKnownFileType = sourcecode.swift; path = NFTCardViewControllerProtocol.swift; sourceTree = "<group>"; };
		730B23962A8C292600F5D832 /* NFTCardView.swift */ = {isa = PBXFileReference; lastKnownFileType = sourcecode.swift; path = NFTCardView.swift; sourceTree = "<group>"; };
		730B23982A8C296400F5D832 /* NFTCardViewController.swift */ = {isa = PBXFileReference; lastKnownFileType = sourcecode.swift; path = NFTCardViewController.swift; sourceTree = "<group>"; };
		730B239A2A8C298900F5D832 /* NFTCardViewPresenter.swift */ = {isa = PBXFileReference; lastKnownFileType = sourcecode.swift; path = NFTCardViewPresenter.swift; sourceTree = "<group>"; };
		730B239C2A8C29A500F5D832 /* NFTCardTableViewCell.swift */ = {isa = PBXFileReference; lastKnownFileType = sourcecode.swift; path = NFTCardTableViewCell.swift; sourceTree = "<group>"; };
		730B239E2A8C29C500F5D832 /* NFTCardCollectionViewCell.swift */ = {isa = PBXFileReference; lastKnownFileType = sourcecode.swift; path = NFTCardCollectionViewCell.swift; sourceTree = "<group>"; };
		730B23A02A8C2A6E00F5D832 /* NFT.swift */ = {isa = PBXFileReference; lastKnownFileType = sourcecode.swift; path = NFT.swift; sourceTree = "<group>"; };
		732A44392A88FFBE00A593C2 /* AnalyticsService.swift */ = {isa = PBXFileReference; lastKnownFileType = sourcecode.swift; path = AnalyticsService.swift; sourceTree = "<group>"; };
		733B35892A90CD270068C2C6 /* GoogleService-Info.plist */ = {isa = PBXFileReference; fileEncoding = 4; lastKnownFileType = text.plist.xml; path = "GoogleService-Info.plist"; sourceTree = "<group>"; };
		733B35952A90D17A0068C2C6 /* AuthViewController.swift */ = {isa = PBXFileReference; lastKnownFileType = sourcecode.swift; path = AuthViewController.swift; sourceTree = "<group>"; };
		733B35972A90D1AA0068C2C6 /* RegistrationViewController.swift */ = {isa = PBXFileReference; lastKnownFileType = sourcecode.swift; path = RegistrationViewController.swift; sourceTree = "<group>"; };
		733B359D2A90D2C00068C2C6 /* ResetPasswordViewController.swift */ = {isa = PBXFileReference; lastKnownFileType = sourcecode.swift; path = ResetPasswordViewController.swift; sourceTree = "<group>"; };
		733B359F2A90D4500068C2C6 /* AuthView.swift */ = {isa = PBXFileReference; lastKnownFileType = sourcecode.swift; path = AuthView.swift; sourceTree = "<group>"; };
		733B35A12A90E7910068C2C6 /* AuthViewPresenter.swift */ = {isa = PBXFileReference; lastKnownFileType = sourcecode.swift; path = AuthViewPresenter.swift; sourceTree = "<group>"; };
		733B35A42A90E7C20068C2C6 /* AuthViewControllerProtocol.swift */ = {isa = PBXFileReference; lastKnownFileType = sourcecode.swift; path = AuthViewControllerProtocol.swift; sourceTree = "<group>"; };
		733B35A62A90E7D20068C2C6 /* AuthViewPresenterProtocol.swift */ = {isa = PBXFileReference; lastKnownFileType = sourcecode.swift; path = AuthViewPresenterProtocol.swift; sourceTree = "<group>"; };
		733B35A82A90F0B70068C2C6 /* ResetPasswordView.swift */ = {isa = PBXFileReference; lastKnownFileType = sourcecode.swift; path = ResetPasswordView.swift; sourceTree = "<group>"; };
		7362C5482A786ACE004CBE1D /* AlertService.swift */ = {isa = PBXFileReference; lastKnownFileType = sourcecode.swift; path = AlertService.swift; sourceTree = "<group>"; };
		7375ECFE2A91109800107A63 /* SplashScreenViewController.swift */ = {isa = PBXFileReference; lastKnownFileType = sourcecode.swift; path = SplashScreenViewController.swift; sourceTree = "<group>"; };
		737D031C2A80703700DCB5B1 /* OnboardingManager.swift */ = {isa = PBXFileReference; lastKnownFileType = sourcecode.swift; path = OnboardingManager.swift; sourceTree = "<group>"; };
		737D03202A80709100DCB5B1 /* OnboardingViewController.swift */ = {isa = PBXFileReference; lastKnownFileType = sourcecode.swift; path = OnboardingViewController.swift; sourceTree = "<group>"; };
		737D03222A80776700DCB5B1 /* OnboardingPageViewController.swift */ = {isa = PBXFileReference; lastKnownFileType = sourcecode.swift; path = OnboardingPageViewController.swift; sourceTree = "<group>"; };
		73C3EB5A2A8D390900E047E0 /* CurrencyRequest.swift */ = {isa = PBXFileReference; lastKnownFileType = sourcecode.swift; path = CurrencyRequest.swift; sourceTree = "<group>"; };
		73C3EB5C2A8D393100E047E0 /* Currency.swift */ = {isa = PBXFileReference; lastKnownFileType = sourcecode.swift; path = Currency.swift; sourceTree = "<group>"; };
		73C3EB5E2A8D394B00E047E0 /* CurrencyService.swift */ = {isa = PBXFileReference; lastKnownFileType = sourcecode.swift; path = CurrencyService.swift; sourceTree = "<group>"; };
		73C3EB602A8E7C3700E047E0 /* NFTService.swift */ = {isa = PBXFileReference; lastKnownFileType = sourcecode.swift; path = NFTService.swift; sourceTree = "<group>"; };
		73C3EB622A8E7C6100E047E0 /* NFTsRequest.swift */ = {isa = PBXFileReference; lastKnownFileType = sourcecode.swift; path = NFTsRequest.swift; sourceTree = "<group>"; };
		73D526D62A84C4020056116E /* UIBlockingProgressHUD.swift */ = {isa = PBXFileReference; lastKnownFileType = sourcecode.swift; path = UIBlockingProgressHUD.swift; sourceTree = "<group>"; };
		73D526D82A84C4420056116E /* UIImageView + Extension.swift */ = {isa = PBXFileReference; lastKnownFileType = sourcecode.swift; path = "UIImageView + Extension.swift"; sourceTree = "<group>"; };
		73EA4B022A73C703000B4B55 /* TabBarController.swift */ = {isa = PBXFileReference; lastKnownFileType = sourcecode.swift; path = TabBarController.swift; sourceTree = "<group>"; };
		73EA4B042A73C770000B4B55 /* ProfileViewController.swift */ = {isa = PBXFileReference; lastKnownFileType = sourcecode.swift; path = ProfileViewController.swift; sourceTree = "<group>"; };
		73EA4B072A73C789000B4B55 /* CatalogViewController.swift */ = {isa = PBXFileReference; lastKnownFileType = sourcecode.swift; path = CatalogViewController.swift; sourceTree = "<group>"; };
		73EA4B0A2A73C7A4000B4B55 /* CartViewController.swift */ = {isa = PBXFileReference; lastKnownFileType = sourcecode.swift; path = CartViewController.swift; sourceTree = "<group>"; };
		73EA4B0D2A73C7C4000B4B55 /* StatisticsViewController.swift */ = {isa = PBXFileReference; lastKnownFileType = sourcecode.swift; path = StatisticsViewController.swift; sourceTree = "<group>"; };
		73EA4B112A73DBF0000B4B55 /* Resources.swift */ = {isa = PBXFileReference; lastKnownFileType = sourcecode.swift; path = Resources.swift; sourceTree = "<group>"; };
		73EA4B172A744591000B4B55 /* en */ = {isa = PBXFileReference; lastKnownFileType = text.plist.strings; name = en; path = en.lproj/Localizable.strings; sourceTree = "<group>"; };
		73EA4B192A7445CC000B4B55 /* ru */ = {isa = PBXFileReference; lastKnownFileType = text.plist.strings; name = ru; path = ru.lproj/Localizable.strings; sourceTree = "<group>"; };
		73EA4B1A2A744623000B4B55 /* LocalizableConstants.swift */ = {isa = PBXFileReference; lastKnownFileType = sourcecode.swift; path = LocalizableConstants.swift; sourceTree = "<group>"; };
		73EA4B1C2A7471D2000B4B55 /* CustomNavigationViewController.swift */ = {isa = PBXFileReference; lastKnownFileType = sourcecode.swift; path = CustomNavigationViewController.swift; sourceTree = "<group>"; };
		C50E6CC42A7E930000B852F9 /* User.swift */ = {isa = PBXFileReference; fileEncoding = 4; lastKnownFileType = sourcecode.swift; path = User.swift; sourceTree = "<group>"; };
		C51A14252A91F538002B1DC5 /* RegistrationViewPresenter.swift */ = {isa = PBXFileReference; lastKnownFileType = sourcecode.swift; path = RegistrationViewPresenter.swift; sourceTree = "<group>"; };
		C51A14272A91F567002B1DC5 /* RegistrationView.swift */ = {isa = PBXFileReference; lastKnownFileType = sourcecode.swift; path = RegistrationView.swift; sourceTree = "<group>"; };
		C5D3AAD12A7B3B79005A3694 /* User.swift */ = {isa = PBXFileReference; lastKnownFileType = sourcecode.swift; path = User.swift; sourceTree = "<group>"; };
/* End PBXFileReference section */

/* Begin PBXFrameworksBuildPhase section */
		3F68069029CBBAF100B4F915 /* Frameworks */ = {
			isa = PBXFrameworksBuildPhase;
			buildActionMask = 2147483647;
			files = (
				1F7E8C922A951CA200AF59FD /* Kingfisher in Frameworks */,
				1F7E8C952A951CC100AF59FD /* Reachability in Frameworks */,
				1F7E8C8C2A951C6F00AF59FD /* SnapKit in Frameworks */,
				1F7E8C9A2A951D0A00AF59FD /* YandexMobileMetricaCrashes in Frameworks */,
				1F7E8C8F2A951C8800AF59FD /* ProgressHUD in Frameworks */,
				1F7E8C9D2A951D5700AF59FD /* FirebaseAuth in Frameworks */,
				1F7E8C982A951D0A00AF59FD /* YandexMobileMetrica in Frameworks */,
			);
			runOnlyForDeploymentPostprocessing = 0;
		};
		3F6806A629CBBAF200B4F915 /* Frameworks */ = {
			isa = PBXFrameworksBuildPhase;
			buildActionMask = 2147483647;
			files = (
			);
			runOnlyForDeploymentPostprocessing = 0;
		};
		3F6806B029CBBAF200B4F915 /* Frameworks */ = {
			isa = PBXFrameworksBuildPhase;
			buildActionMask = 2147483647;
			files = (
			);
			runOnlyForDeploymentPostprocessing = 0;
		};
/* End PBXFrameworksBuildPhase section */

/* Begin PBXGroup section */
		1F2A256F2A8E81E500F8B1AD /* Network */ = {
			isa = PBXGroup;
			children = (
				1F2A25702A8E81F800F8B1AD /* NetworkReachabilityManager.swift */,
			);
			path = Network;
			sourceTree = "<group>";
		};
		1FEA5B4C2A81495100946DD9 /* WebViewModule */ = {
			isa = PBXGroup;
			children = (
				1FEA5B4D2A81497100946DD9 /* WebViewController.swift */,
				1FEA5B4F2A81498900946DD9 /* WebViewPresenter.swift */,
			);
			path = WebViewModule;
            sourceTree = "<group>";
        };
		1F09D51F2A76C1FF00367A6A /* Catalog */ = {
			isa = PBXGroup;
			children = (
				1F09D5212A76C2A600367A6A /* ResponseModels */,
				1F09D5202A76C29C00367A6A /* Common */,
			);
			path = Catalog;
			sourceTree = "<group>";
		};
		1F09D5202A76C29C00367A6A /* Common */ = {
			isa = PBXGroup;
			children = (
				1F09D5322A76C42400367A6A /* AlertProtocol.swift */,
				1FEA5B462A80D5E500946DD9 /* UIBlockingProgressHUD.swift */,
			);
			path = Common;
			sourceTree = "<group>";
		};
		1F09D5212A76C2A600367A6A /* ResponseModels */ = {
			isa = PBXGroup;
			children = (
				1F09D5342A76C44500367A6A /* NftResponse.swift */,
				1FEA5B422A80BE9000946DD9 /* AuthorResponse.swift */,
			);
			path = ResponseModels;
			sourceTree = "<group>";
		};
		1F09D5232A76C2CF00367A6A /* Extensions */ = {
			isa = PBXGroup;
			children = (
				1F09D52C2A76C3D200367A6A /* UITableViewCell+extension.swift */,
				1F09D52E2A76C3E900367A6A /* UIViewController+extension.swift */,
				1F09D5442A77B89500367A6A /* URLSession+extension.swift */,
				1F09D54E2A7E48F100367A6A /* String+extension.swift */,
				1FEA5B482A80DBCC00946DD9 /* CAGradientLayer+extension.swift */,
			);
			path = Extensions;
			sourceTree = "<group>";
		};
		1F09D5242A76C2DA00367A6A /* Modules */ = {
			isa = PBXGroup;
			children = (
				1F09D5252A76C2F100367A6A /* CatalogFlow */,
			);
			path = Modules;
			sourceTree = "<group>";
		};
		1F09D5252A76C2F100367A6A /* CatalogFlow */ = {
			isa = PBXGroup;
			children = (
				1F09D5262A76C30000367A6A /* CatalogModulesFactory */,
				1F09D5502A7E914B00367A6A /* DetailedCollectionModule */,
				1F09D5272A76C31000367A6A /* CatalogModule */,
			);
			path = CatalogFlow;
			sourceTree = "<group>";
		};
		1F09D5262A76C30000367A6A /* CatalogModulesFactory */ = {
			isa = PBXGroup;
			children = (
				1F09D5362A76C47200367A6A /* CatalogModulesFactory.swift */,
			);
			path = CatalogModulesFactory;
			sourceTree = "<group>";
		};
		1F09D5272A76C31000367A6A /* CatalogModule */ = {
			isa = PBXGroup;
			children = (
				1F09D5282A76C34500367A6A /* Models */,
				1F09D5292A76C34C00367A6A /* Subviews */,
				1F09D52A2A76C35D00367A6A /* Presenter */,
				1F09D52B2A76C36200367A6A /* View */,
			);
			path = CatalogModule;
			sourceTree = "<group>";
		};
		1F09D5282A76C34500367A6A /* Models */ = {
			isa = PBXGroup;
			children = (
				1F09D5382A76C48F00367A6A /* SortingType.swift */,
			);
			path = Models;
			sourceTree = "<group>";
		};
		1F09D5292A76C34C00367A6A /* Subviews */ = {
			isa = PBXGroup;
			children = (
				1F09D53A2A76C4A100367A6A /* CatalogTableViewCell.swift */,
				1F09D54C2A7E489500367A6A /* CatalogTableViewCellViewModel.swift */,
			);
			path = Subviews;
			sourceTree = "<group>";
		};
		1F09D52A2A76C35D00367A6A /* Presenter */ = {
			isa = PBXGroup;
			children = (
				1F09D53C2A76C4B600367A6A /* CatalogPresenter.swift */,
				1F09D53E2A76C4CD00367A6A /* CatalogPresenterProtocol.swift */,
			);
			path = Presenter;
			sourceTree = "<group>";
		};
		1F09D52B2A76C36200367A6A /* View */ = {
			isa = PBXGroup;
			children = (
				73EA4B072A73C789000B4B55 /* CatalogViewController.swift */,
				1F09D5402A76C4F000367A6A /* CatalogViewProtocol.swift */,
			);
			path = View;
			sourceTree = "<group>";
		};
		1FEA5B7A2A8BE95E00946DD9 /* NetworkError */ = {
			isa = PBXGroup;
			children = (
				1FEA5B7B2A8BE98600946DD9 /* NetworkErrorView.swift */,
			);
			path = NetworkError;
			sourceTree = "<group>";
		};
		1F09D5482A7A297200367A6A /* NFTServices */ = {
			isa = PBXGroup;
			children = (
				1F09D5302A76C40300367A6A /* NftCatalogService.swift */,
			);
			path = NFTServices;
			sourceTree = "<group>";
		};
		1F09D5502A7E914B00367A6A /* DetailedCollectionModule */ = {
			isa = PBXGroup;
			children = (
				1F09D5512A7E915E00367A6A /* Models */,
				1F09D5522A7E916600367A6A /* Subviews */,
				1F09D5532A7E916E00367A6A /* Presenter */,
				1F09D5542A7E917600367A6A /* View */,
			);
			path = DetailedCollectionModule;
			sourceTree = "<group>";
		};
		1F09D5512A7E915E00367A6A /* Models */ = {
			isa = PBXGroup;
			children = (
			);
			path = Models;
			sourceTree = "<group>";
		};
		1F09D5522A7E916600367A6A /* Subviews */ = {
			isa = PBXGroup;
			children = (
				1F09D5552A7E921100367A6A /* NFTCollectionTableViewCell.swift */,
				1F09D5572A7E928A00367A6A /* NFTCollectionTableViewCellModel.swift */,
				1FEA5B3D2A80B9DB00946DD9 /* CollectionDetailsTableViewCell.swift */,
			);
			path = Subviews;
			sourceTree = "<group>";
		};
		1F09D5532A7E916E00367A6A /* Presenter */ = {
			isa = PBXGroup;
			children = (
				1F09D55A2A7E92C300367A6A /* DetailedCollectionPresenter.swift */,
				1F09D55C2A7E92DC00367A6A /* DetailedCollectionPresenterProtocol.swift */,
			);
			path = Presenter;
			sourceTree = "<group>";
		};
		1F09D5542A7E917600367A6A /* View */ = {
			isa = PBXGroup;
			children = (
				1F09D55E2A7E930E00367A6A /* CategoriesViewController.swift */,
				1F09D5602A7E933500367A6A /* CategoriesViewProtocoll.swift */,
			);
			path = View;
			sourceTree = "<group>";
		};
		1FEA5B3A2A80B17800946DD9 /* WebViewModule */ = {
			isa = PBXGroup;
			children = (
				1FEA5B382A80ACF500946DD9 /* WebViewController.swift */,
				1FEA5B3B2A80B19C00946DD9 /* WebViewPresenter.swift */,
			);
			path = WebViewModule;
			sourceTree = "<group>";
		};
		1FEA5B3F2A80BD6D00946DD9 /* NFTAuthorServices */ = {
			isa = PBXGroup;
			children = (
				1FEA5B402A80BD8D00946DD9 /* NFTAuthorService.swift */,
			);
			path = NFTAuthorServices;
			sourceTree = "<group>";
		};
		3F68068A29CBBAF100B4F915 = {
			isa = PBXGroup;
			children = (
				3F68069529CBBAF100B4F915 /* FakeNFT */,
				3F6806AC29CBBAF200B4F915 /* FakeNFTTests */,
				3F6806B629CBBAF200B4F915 /* FakeNFTUITests */,
				3F68069429CBBAF100B4F915 /* Products */,
				C50E6CC32A7E92E700B852F9 /* Recovered References */,
			);
			sourceTree = "<group>";
		};
		3F68069429CBBAF100B4F915 /* Products */ = {
			isa = PBXGroup;
			children = (
				3F68069329CBBAF100B4F915 /* FakeNFT.app */,
				3F6806A929CBBAF200B4F915 /* FakeNFTTests.xctest */,
				3F6806B329CBBAF200B4F915 /* FakeNFTUITests.xctest */,
			);
			name = Products;
			sourceTree = "<group>";
		};
		3F68069529CBBAF100B4F915 /* FakeNFT */ = {
			isa = PBXGroup;
			children = (
				1F09D51F2A76C1FF00367A6A /* Catalog */,
				3F68069629CBBAF100B4F915 /* AppDelegate.swift */,
				3F68069829CBBAF100B4F915 /* SceneDelegate.swift */,
				1F09D5242A76C2DA00367A6A /* Modules */,
				3F6806CE29CBBD1B00B4F915 /* Foundation */,
				3F6806C629CBBC4E00B4F915 /* Services */,
				3F6806C929CBBCAF00B4F915 /* Models */,
				73EA4B012A73C6E2000B4B55 /* Controllers */,
				73EA4B102A73DBD6000B4B55 /* Resources */,
				73EA4B132A73DFB1000B4B55 /* Helpers */,
				3F68069F29CBBAF200B4F915 /* Assets.xcassets */,
				3F6806A129CBBAF200B4F915 /* LaunchScreen.storyboard */,
				3F6806A429CBBAF200B4F915 /* Info.plist */,
				733B35892A90CD270068C2C6 /* GoogleService-Info.plist */,
			);
			path = FakeNFT;
			sourceTree = "<group>";
		};
		3F6806AC29CBBAF200B4F915 /* FakeNFTTests */ = {
			isa = PBXGroup;
			children = (
				3F6806AD29CBBAF200B4F915 /* ExampleUnitTests.swift */,
			);
			path = FakeNFTTests;
			sourceTree = "<group>";
		};
		3F6806B629CBBAF200B4F915 /* FakeNFTUITests */ = {
			isa = PBXGroup;
			children = (
				3F6806B729CBBAF200B4F915 /* FakeNFTUITests.swift */,
			);
			path = FakeNFTUITests;
			sourceTree = "<group>";
		};
		3F6806C629CBBC4E00B4F915 /* Services */ = {
			isa = PBXGroup;
			children = (
				1F2A256F2A8E81E500F8B1AD /* Network */,
				1F09D5492A7B8C8500367A6A /* CommonServices */,
				1FEA5B3F2A80BD6D00946DD9 /* NFTAuthorServices */,
				1F09D5482A7A297200367A6A /* NFTServices */,
				3FC8C38F29D245250081F015 /* Requests */,
				7300E0892A93AEDD00AD427A /* AlertService */,
				732A44392A88FFBE00A593C2 /* AnalyticsService.swift */,
				73C3EB5E2A8D394B00E047E0 /* CurrencyService.swift */,
				73C3EB602A8E7C3700E047E0 /* NFTService.swift */,
				737D031C2A80703700DCB5B1 /* OnboardingManager.swift */,
			);
			path = Services;
			sourceTree = "<group>";
		};
		3F6806C929CBBCAF00B4F915 /* Models */ = {
			isa = PBXGroup;
			children = (
				7300E0872A93A84300AD427A /* Alert.swift */,
				73C3EB5C2A8D393100E047E0 /* Currency.swift */,
				730B23A02A8C2A6E00F5D832 /* NFT.swift */,
				C50E6CC42A7E930000B852F9 /* User.swift */,
			);
			path = Models;
			sourceTree = "<group>";
		};
		3F6806CE29CBBD1B00B4F915 /* Foundation */ = {
			isa = PBXGroup;
			children = (
				3F6806CF29CBBDB100B4F915 /* NetworkClient */,
			);
			path = Foundation;
			sourceTree = "<group>";
		};
		3F6806CF29CBBDB100B4F915 /* NetworkClient */ = {
			isa = PBXGroup;
			children = (
				3F6806D029CBBE6B00B4F915 /* NetworkClient.swift */,
				3F6806D229CBBE9600B4F915 /* NetworkRequest.swift */,
				3F6806D429CBBEC700B4F915 /* NetworkTask.swift */,
			);
			path = NetworkClient;
			sourceTree = "<group>";
		};
		3FC8C38F29D245250081F015 /* Requests */ = {
			isa = PBXGroup;
			children = (
				73C3EB5A2A8D390900E047E0 /* CurrencyRequest.swift */,
				73C3EB622A8E7C6100E047E0 /* NFTsRequest.swift */,
				1F09D5462A7A293D00367A6A /* NftCollectionRequest.swift */,
				1FEA5B4A2A8145A800946DD9 /* AuthorRequest.swift */,
			);
			path = Requests;
			sourceTree = "<group>";
		};
		7300E0392A920EBD00AD427A /* Protocols */ = {
			isa = PBXGroup;
			children = (
				7300E03A2A920ECD00AD427A /* ResetPasswordViewPresenterProtocol.swift */,
				7300E03C2A920EDD00AD427A /* ResetPasswordViewControllerProtocol.swift */,
			);
			path = Protocols;
			sourceTree = "<group>";
		};
		7300E0892A93AEDD00AD427A /* AlertService */ = {
			isa = PBXGroup;
			children = (
				7362C5482A786ACE004CBE1D /* AlertService.swift */,
				7300E08A2A93AEF100AD427A /* AlertServiceProtocol.swift */,
			);
			path = AlertService;
			sourceTree = "<group>";
		};
		730B238F2A8C287200F5D832 /* NFTCard */ = {
			isa = PBXGroup;
			children = (
				730B23902A8C287F00F5D832 /* Protocols */,
				730B23952A8C290300F5D832 /* NFTCardMainScreen */,
			);
			path = NFTCard;
			sourceTree = "<group>";
		};
		730B23902A8C287F00F5D832 /* Protocols */ = {
			isa = PBXGroup;
			children = (
				730B23912A8C28A500F5D832 /* NFTCardViewPresenterProtocol.swift */,
				730B23932A8C28DD00F5D832 /* NFTCardViewControllerProtocol.swift */,
			);
			path = Protocols;
			sourceTree = "<group>";
		};
		730B23952A8C290300F5D832 /* NFTCardMainScreen */ = {
			isa = PBXGroup;
			children = (
				730B23962A8C292600F5D832 /* NFTCardView.swift */,
				730B239A2A8C298900F5D832 /* NFTCardViewPresenter.swift */,
				730B23982A8C296400F5D832 /* NFTCardViewController.swift */,
				730B239C2A8C29A500F5D832 /* NFTCardTableViewCell.swift */,
				730B239E2A8C29C500F5D832 /* NFTCardCollectionViewCell.swift */,
			);
			path = NFTCardMainScreen;
			sourceTree = "<group>";
		};
		733B35922A90D0C00068C2C6 /* Auth */ = {
			isa = PBXGroup;
			children = (
				733B35942A90D15D0068C2C6 /* Auth */,
				733B35932A90D1520068C2C6 /* Registration */,
				733B359C2A90D2990068C2C6 /* ResetPassword */,
			);
			path = Auth;
			sourceTree = "<group>";
		};
		733B35932A90D1520068C2C6 /* Registration */ = {
			isa = PBXGroup;
			children = (
				733B35972A90D1AA0068C2C6 /* RegistrationViewController.swift */,
				C51A14252A91F538002B1DC5 /* RegistrationViewPresenter.swift */,
				C51A14272A91F567002B1DC5 /* RegistrationView.swift */,
			);
			path = Registration;
			sourceTree = "<group>";
		};
		733B35942A90D15D0068C2C6 /* Auth */ = {
			isa = PBXGroup;
			children = (
				733B35A32A90E7AB0068C2C6 /* Protocols */,
				733B359F2A90D4500068C2C6 /* AuthView.swift */,
				733B35A12A90E7910068C2C6 /* AuthViewPresenter.swift */,
				733B35952A90D17A0068C2C6 /* AuthViewController.swift */,
			);
			path = Auth;
			sourceTree = "<group>";
		};
		733B359C2A90D2990068C2C6 /* ResetPassword */ = {
			isa = PBXGroup;
			children = (
				7300E0392A920EBD00AD427A /* Protocols */,
				733B35A82A90F0B70068C2C6 /* ResetPasswordView.swift */,
				7300E0372A920E9800AD427A /* ResetPasswordViewPresenter.swift */,
				733B359D2A90D2C00068C2C6 /* ResetPasswordViewController.swift */,
			);
			path = ResetPassword;
			sourceTree = "<group>";
		};
		733B35A32A90E7AB0068C2C6 /* Protocols */ = {
			isa = PBXGroup;
			children = (
				733B35A62A90E7D20068C2C6 /* AuthViewPresenterProtocol.swift */,
				733B35A42A90E7C20068C2C6 /* AuthViewControllerProtocol.swift */,
			);
			path = Protocols;
			sourceTree = "<group>";
		};
		7375ECFD2A91107A00107A63 /* SplashScreen */ = {
			isa = PBXGroup;
			children = (
				7375ECFE2A91109800107A63 /* SplashScreenViewController.swift */,
			);
			path = SplashScreen;
			sourceTree = "<group>";
		};
		737D031E2A80706400DCB5B1 /* Tabbar */ = {
			isa = PBXGroup;
			children = (
				73EA4B022A73C703000B4B55 /* TabBarController.swift */,
			);
			path = Tabbar;
			sourceTree = "<group>";
		};
		737D031F2A80707A00DCB5B1 /* Onboarding */ = {
			isa = PBXGroup;
			children = (
				737D03202A80709100DCB5B1 /* OnboardingViewController.swift */,
				737D03222A80776700DCB5B1 /* OnboardingPageViewController.swift */,
			);
			path = Onboarding;
			sourceTree = "<group>";
		};
		73EA4B012A73C6E2000B4B55 /* Controllers */ = {
			isa = PBXGroup;
			children = (
				73EA4B1C2A7471D2000B4B55 /* CustomNavigationViewController.swift */,
				7375ECFD2A91107A00107A63 /* SplashScreen */,
				733B35922A90D0C00068C2C6 /* Auth */,
				1FEA5B7A2A8BE95E00946DD9 /* NetworkError */,
				1FEA5B4C2A81495100946DD9 /* WebViewModule */,
				737D031F2A80707A00DCB5B1 /* Onboarding */,
				1FEA5B3A2A80B17800946DD9 /* WebViewModule */,
				73EA4B1C2A7471D2000B4B55 /* CustomNavigationViewController.swift */,
				737D031E2A80706400DCB5B1 /* Tabbar */,
				73EA4B062A73C774000B4B55 /* Profile */,
				73EA4B0C2A73C7A7000B4B55 /* Cart */,
				73EA4B0F2A73C7C8000B4B55 /* Statistics */,
				730B238F2A8C287200F5D832 /* NFTCard */,
			);
			path = Controllers;
			sourceTree = "<group>";
		};
		73EA4B062A73C774000B4B55 /* Profile */ = {
			isa = PBXGroup;
			children = (
				73EA4B042A73C770000B4B55 /* ProfileViewController.swift */,
			);
			path = Profile;
			sourceTree = "<group>";
		};
		73EA4B0C2A73C7A7000B4B55 /* Cart */ = {
			isa = PBXGroup;
			children = (
				73EA4B0A2A73C7A4000B4B55 /* CartViewController.swift */,
			);
			path = Cart;
			sourceTree = "<group>";
		};
		73EA4B0F2A73C7C8000B4B55 /* Statistics */ = {
			isa = PBXGroup;
			children = (
				73EA4B0D2A73C7C4000B4B55 /* StatisticsViewController.swift */,
			);
			path = Statistics;
			sourceTree = "<group>";
		};
		73EA4B102A73DBD6000B4B55 /* Resources */ = {
			isa = PBXGroup;
			children = (
				73EA4B112A73DBF0000B4B55 /* Resources.swift */,
				73EA4B1A2A744623000B4B55 /* LocalizableConstants.swift */,
				73EA4B182A744591000B4B55 /* Localizable.strings */,
			);
			path = Resources;
			sourceTree = "<group>";
		};
		73EA4B132A73DFB1000B4B55 /* Helpers */ = {
			isa = PBXGroup;
			children = (
				1F09D5232A76C2CF00367A6A /* Extensions */,
				3F478ECE29DB474E00F6D39E /* UIColor + Extension.swift */,
				3F478ED029DB476500F6D39E /* Fonts.swift */,
				73D526D62A84C4020056116E /* UIBlockingProgressHUD.swift */,
				73D526D82A84C4420056116E /* UIImageView + Extension.swift */,
				1F2A25642A8E243F00F8B1AD /* UIViewController+extension.swift */,
				1F3E72982A8E9BC4007EBD36 /* AlertProtocol.swift */,
			);
			path = Helpers;
			sourceTree = "<group>";
		};
		C50E6CC32A7E92E700B852F9 /* Recovered References */ = {
			isa = PBXGroup;
			children = (
				C5D3AAD12A7B3B79005A3694 /* User.swift */,
			);
			name = "Recovered References";
			sourceTree = "<group>";
		};
/* End PBXGroup section */

/* Begin PBXNativeTarget section */
		3F68069229CBBAF100B4F915 /* FakeNFT */ = {
			isa = PBXNativeTarget;
			buildConfigurationList = 3F6806BD29CBBAF200B4F915 /* Build configuration list for PBXNativeTarget "FakeNFT" */;
			buildPhases = (
				3F68068F29CBBAF100B4F915 /* Sources */,
				3F68069029CBBAF100B4F915 /* Frameworks */,
				3F68069129CBBAF100B4F915 /* Resources */,
			);
			buildRules = (
			);
			dependencies = (
			);
			name = FakeNFT;
			packageProductDependencies = (
				1F7E8C8B2A951C6F00AF59FD /* SnapKit */,
				1F7E8C8E2A951C8800AF59FD /* ProgressHUD */,
				1F7E8C912A951CA200AF59FD /* Kingfisher */,
				1F7E8C942A951CC100AF59FD /* Reachability */,
				1F7E8C972A951D0A00AF59FD /* YandexMobileMetrica */,
				1F7E8C992A951D0A00AF59FD /* YandexMobileMetricaCrashes */,
				1F7E8C9C2A951D5700AF59FD /* FirebaseAuth */,
			);
			productName = FakeNFT;
			productReference = 3F68069329CBBAF100B4F915 /* FakeNFT.app */;
			productType = "com.apple.product-type.application";
		};
		3F6806A829CBBAF200B4F915 /* FakeNFTTests */ = {
			isa = PBXNativeTarget;
			buildConfigurationList = 3F6806C029CBBAF200B4F915 /* Build configuration list for PBXNativeTarget "FakeNFTTests" */;
			buildPhases = (
				3F6806A529CBBAF200B4F915 /* Sources */,
				3F6806A629CBBAF200B4F915 /* Frameworks */,
				3F6806A729CBBAF200B4F915 /* Resources */,
			);
			buildRules = (
			);
			dependencies = (
				3F6806AB29CBBAF200B4F915 /* PBXTargetDependency */,
			);
			name = FakeNFTTests;
			productName = FakeNFTTests;
			productReference = 3F6806A929CBBAF200B4F915 /* FakeNFTTests.xctest */;
			productType = "com.apple.product-type.bundle.unit-test";
		};
		3F6806B229CBBAF200B4F915 /* FakeNFTUITests */ = {
			isa = PBXNativeTarget;
			buildConfigurationList = 3F6806C329CBBAF200B4F915 /* Build configuration list for PBXNativeTarget "FakeNFTUITests" */;
			buildPhases = (
				3F6806AF29CBBAF200B4F915 /* Sources */,
				3F6806B029CBBAF200B4F915 /* Frameworks */,
				3F6806B129CBBAF200B4F915 /* Resources */,
			);
			buildRules = (
			);
			dependencies = (
				3F6806B529CBBAF200B4F915 /* PBXTargetDependency */,
			);
			name = FakeNFTUITests;
			productName = FakeNFTUITests;
			productReference = 3F6806B329CBBAF200B4F915 /* FakeNFTUITests.xctest */;
			productType = "com.apple.product-type.bundle.ui-testing";
		};
/* End PBXNativeTarget section */

/* Begin PBXProject section */
		3F68068B29CBBAF100B4F915 /* Project object */ = {
			isa = PBXProject;
			attributes = {
				BuildIndependentTargetsInParallel = 1;
				LastSwiftUpdateCheck = 1420;
				LastUpgradeCheck = 1420;
				TargetAttributes = {
					3F68069229CBBAF100B4F915 = {
						CreatedOnToolsVersion = 14.2;
					};
					3F6806A829CBBAF200B4F915 = {
						CreatedOnToolsVersion = 14.2;
						TestTargetID = 3F68069229CBBAF100B4F915;
					};
					3F6806B229CBBAF200B4F915 = {
						CreatedOnToolsVersion = 14.2;
						TestTargetID = 3F68069229CBBAF100B4F915;
					};
				};
			};
			buildConfigurationList = 3F68068E29CBBAF100B4F915 /* Build configuration list for PBXProject "FakeNFT" */;
			compatibilityVersion = "Xcode 14.0";
			developmentRegion = en;
			hasScannedForEncodings = 0;
			knownRegions = (
				en,
				Base,
				ru,
			);
			mainGroup = 3F68068A29CBBAF100B4F915;
			packageReferences = (
				1F7E8C8A2A951C6F00AF59FD /* XCRemoteSwiftPackageReference "SnapKit" */,
				1F7E8C8D2A951C8800AF59FD /* XCRemoteSwiftPackageReference "ProgressHUD" */,
				1F7E8C902A951CA200AF59FD /* XCRemoteSwiftPackageReference "Kingfisher" */,
				1F7E8C932A951CC100AF59FD /* XCRemoteSwiftPackageReference "Reachability" */,
				1F7E8C962A951D0A00AF59FD /* XCRemoteSwiftPackageReference "metrica-sdk-ios" */,
				1F7E8C9B2A951D5700AF59FD /* XCRemoteSwiftPackageReference "firebase-ios-sdk" */,
			);
			productRefGroup = 3F68069429CBBAF100B4F915 /* Products */;
			projectDirPath = "";
			projectRoot = "";
			targets = (
				3F68069229CBBAF100B4F915 /* FakeNFT */,
				3F6806A829CBBAF200B4F915 /* FakeNFTTests */,
				3F6806B229CBBAF200B4F915 /* FakeNFTUITests */,
			);
		};
/* End PBXProject section */

/* Begin PBXResourcesBuildPhase section */
		3F68069129CBBAF100B4F915 /* Resources */ = {
			isa = PBXResourcesBuildPhase;
			buildActionMask = 2147483647;
			files = (
				3F6806A329CBBAF200B4F915 /* LaunchScreen.storyboard in Resources */,
				733B358A2A90CD270068C2C6 /* GoogleService-Info.plist in Resources */,
				73EA4B162A744591000B4B55 /* Localizable.strings in Resources */,
				3F6806A029CBBAF200B4F915 /* Assets.xcassets in Resources */,
			);
			runOnlyForDeploymentPostprocessing = 0;
		};
		3F6806A729CBBAF200B4F915 /* Resources */ = {
			isa = PBXResourcesBuildPhase;
			buildActionMask = 2147483647;
			files = (
			);
			runOnlyForDeploymentPostprocessing = 0;
		};
		3F6806B129CBBAF200B4F915 /* Resources */ = {
			isa = PBXResourcesBuildPhase;
			buildActionMask = 2147483647;
			files = (
			);
			runOnlyForDeploymentPostprocessing = 0;
		};
/* End PBXResourcesBuildPhase section */

/* Begin PBXSourcesBuildPhase section */
		3F68068F29CBBAF100B4F915 /* Sources */ = {
			isa = PBXSourcesBuildPhase;
			buildActionMask = 2147483647;
			files = (
				733B35962A90D17A0068C2C6 /* AuthViewController.swift in Sources */,
				733B35A72A90E7D20068C2C6 /* AuthViewPresenterProtocol.swift in Sources */,
				7300E08B2A93AEF100AD427A /* AlertServiceProtocol.swift in Sources */,
				7362C5492A786ACE004CBE1D /* AlertService.swift in Sources */,
				730B23942A8C28DD00F5D832 /* NFTCardViewControllerProtocol.swift in Sources */,
				1FEA5B4E2A81497100946DD9 /* WebViewController.swift in Sources */,
				7300E0382A920E9800AD427A /* ResetPasswordViewPresenter.swift in Sources */,
				1F3E72992A8E9BC4007EBD36 /* AlertProtocol.swift in Sources */,
				73EA4B082A73C789000B4B55 /* CatalogViewController.swift in Sources */,
				7300E03B2A920ECD00AD427A /* ResetPasswordViewPresenterProtocol.swift in Sources */,
				73C3EB632A8E7C6100E047E0 /* NFTsRequest.swift in Sources */,
				733B35A22A90E7910068C2C6 /* AuthViewPresenter.swift in Sources */,
				3F478ECF29DB474E00F6D39E /* UIColor + Extension.swift in Sources */,
				73D526D92A84C4420056116E /* UIImageView + Extension.swift in Sources */,
				730B23992A8C296400F5D832 /* NFTCardViewController.swift in Sources */,
				1FEA5B502A81498900946DD9 /* WebViewPresenter.swift in Sources */,
				3F478ED129DB476500F6D39E /* Fonts.swift in Sources */,
				73EA4B122A73DBF0000B4B55 /* Resources.swift in Sources */,
				73C3EB5F2A8D394B00E047E0 /* CurrencyService.swift in Sources */,
				730B239B2A8C298900F5D832 /* NFTCardViewPresenter.swift in Sources */,
				737D031D2A80703700DCB5B1 /* OnboardingManager.swift in Sources */,
				C50E6CC52A7E930000B852F9 /* User.swift in Sources */,
				3F6806D529CBBEC700B4F915 /* NetworkTask.swift in Sources */,
				737D03212A80709100DCB5B1 /* OnboardingViewController.swift in Sources */,
				730B239F2A8C29C500F5D832 /* NFTCardCollectionViewCell.swift in Sources */,
				733B35A52A90E7C20068C2C6 /* AuthViewControllerProtocol.swift in Sources */,
				7300E03D2A920EDD00AD427A /* ResetPasswordViewControllerProtocol.swift in Sources */,
				73D526D72A84C4020056116E /* UIBlockingProgressHUD.swift in Sources */,
				3F68069729CBBAF100B4F915 /* AppDelegate.swift in Sources */,
				732A443A2A88FFBE00A593C2 /* AnalyticsService.swift in Sources */,
				1F09D5562A7E921100367A6A /* CategoriesTableViewCell.swift in Sources */,
				1F09D5562A7E921100367A6A /* NFTCollectionTableViewCell.swift in Sources */,
				1F09D52D2A76C3D200367A6A /* UITableViewCell+extension.swift in Sources */,
				1F09D5612A7E933500367A6A /* CategoriesViewProtocoll.swift in Sources */,
				3F478ED129DB476500F6D39E /* Fonts.swift in Sources */,
				1F09D5452A77B89500367A6A /* URLSession+extension.swift in Sources */,
				1F09D5582A7E928A00367A6A /* NFTCollectionTableViewCellModel.swift in Sources */,
				73EA4B122A73DBF0000B4B55 /* Resources.swift in Sources */,
				737D031D2A80703700DCB5B1 /* OnboardingManager.swift in Sources */,
				1F09D5312A76C40300367A6A /* NftCatalogService.swift in Sources */,
				1F09D53D2A76C4B600367A6A /* CatalogPresenter.swift in Sources */,
				1F09D55D2A7E92DC00367A6A /* DetailedCollectionPresenterProtocol.swift in Sources */,
				1F09D5332A76C42400367A6A /* AlertProtocol.swift in Sources */,
				3F6806D529CBBEC700B4F915 /* NetworkTask.swift in Sources */,
				737D03212A80709100DCB5B1 /* OnboardingViewController.swift in Sources */,
				3F68069729CBBAF100B4F915 /* AppDelegate.swift in Sources */,
				1FEA5B3C2A80B19C00946DD9 /* WebViewPresenter.swift in Sources */,
				C5D3AADA2A7B679D005A3694 /* GetUsersRequest.swift in Sources */,
				1F09D52F2A76C3E900367A6A /* UIViewController+extension.swift in Sources */,
				3F68069929CBBAF100B4F915 /* SceneDelegate.swift in Sources */,
				1F09D5372A76C47200367A6A /* CatalogModulesFactory.swift in Sources */,
				1FEA5B492A80DBCC00946DD9 /* CAGradientLayer+extension.swift in Sources */,
				1FEA5B412A80BD8D00946DD9 /* NFTAuthorService.swift in Sources */,
				1FEA5B3E2A80B9DB00946DD9 /* CollectionDetailsTableViewCell.swift in Sources */,
				73EA4B1B2A744623000B4B55 /* LocalizableConstants.swift in Sources */,
				733B35A02A90D4500068C2C6 /* AuthView.swift in Sources */,
				3F6806D329CBBE9600B4F915 /* NetworkRequest.swift in Sources */,
				73C3EB5D2A8D393100E047E0 /* Currency.swift in Sources */,
				730B23972A8C292600F5D832 /* NFTCardView.swift in Sources */,
				73EA4B032A73C703000B4B55 /* TabBarController.swift in Sources */,
				1F2A25652A8E243F00F8B1AD /* UIViewController+extension.swift in Sources */,
				1F2A25712A8E81F800F8B1AD /* NetworkReachabilityManager.swift in Sources */,
				1F09D54B2A7B8CB200367A6A /* DownloadImageService.swift in Sources */,
				1F09D54F2A7E48F100367A6A /* String+extension.swift in Sources */,
				1F09D55F2A7E930E00367A6A /* CategoriesViewController.swift in Sources */,
				1F09D5472A7A293D00367A6A /* NftCollectionRequest.swift in Sources */,
				1F09D54D2A7E489500367A6A /* CatalogTableViewCellViewModel.swift in Sources */,
				73EA4B0B2A73C7A4000B4B55 /* CartViewController.swift in Sources */,
				73C3EB612A8E7C3700E047E0 /* NFTService.swift in Sources */,
				733B35A92A90F0B70068C2C6 /* ResetPasswordView.swift in Sources */,
				1F09D53F2A76C4CD00367A6A /* CatalogPresenterProtocol.swift in Sources */,
				73EA4B1D2A7471D2000B4B55 /* CustomNavigationViewController.swift in Sources */,
				C51A14282A91F567002B1DC5 /* RegistrationView.swift in Sources */,
				730B239D2A8C29A500F5D832 /* NFTCardTableViewCell.swift in Sources */,
				1FEA5B7C2A8BE98600946DD9 /* NetworkErrorView.swift in Sources */,
				7375ECFF2A91109800107A63 /* SplashScreenViewController.swift in Sources */,
				73EA4B052A73C770000B4B55 /* ProfileViewController.swift in Sources */,
				733B359E2A90D2C00068C2C6 /* ResetPasswordViewController.swift in Sources */,
				730B23922A8C28A500F5D832 /* NFTCardViewPresenterProtocol.swift in Sources */,
				733B35982A90D1AA0068C2C6 /* RegistrationViewController.swift in Sources */,
				C5D3AADC2A7B67DC005A3694 /* User.swift in Sources */,
				1FEA5B4B2A8145A800946DD9 /* AuthorRequest.swift in Sources */,
				1FEA5B392A80ACF500946DD9 /* WebViewController.swift in Sources */,
				73EA4B0E2A73C7C4000B4B55 /* StatisticsViewController.swift in Sources */,
				7300E0882A93A84300AD427A /* Alert.swift in Sources */,
				C51A14262A91F538002B1DC5 /* RegistrationViewPresenter.swift in Sources */,
				73C3EB5B2A8D390900E047E0 /* CurrencyRequest.swift in Sources */,
				730B23A12A8C2A6E00F5D832 /* NFT.swift in Sources */,
				737D03232A80776700DCB5B1 /* OnboardingPageViewController.swift in Sources */,
				1F09D5392A76C48F00367A6A /* SortingType.swift in Sources */,
				1F09D53B2A76C4A100367A6A /* CatalogTableViewCell.swift in Sources */,
				1F09D5412A76C4F000367A6A /* CatalogViewProtocol.swift in Sources */,
				1F09D55B2A7E92C300367A6A /* DetailedCollectionPresenter.swift in Sources */,
				1FEA5B432A80BE9000946DD9 /* AuthorResponse.swift in Sources */,
				3F6806D129CBBE6B00B4F915 /* NetworkClient.swift in Sources */,
				1F09D5352A76C44500367A6A /* NftResponse.swift in Sources */,
				1FEA5B472A80D5E500946DD9 /* UIBlockingProgressHUD.swift in Sources */,
			);
			runOnlyForDeploymentPostprocessing = 0;
		};
		3F6806A529CBBAF200B4F915 /* Sources */ = {
			isa = PBXSourcesBuildPhase;
			buildActionMask = 2147483647;
			files = (
				3F6806AE29CBBAF200B4F915 /* ExampleUnitTests.swift in Sources */,
			);
			runOnlyForDeploymentPostprocessing = 0;
		};
		3F6806AF29CBBAF200B4F915 /* Sources */ = {
			isa = PBXSourcesBuildPhase;
			buildActionMask = 2147483647;
			files = (
				3F6806B829CBBAF200B4F915 /* FakeNFTUITests.swift in Sources */,
			);
			runOnlyForDeploymentPostprocessing = 0;
		};
/* End PBXSourcesBuildPhase section */

/* Begin PBXTargetDependency section */
		3F6806AB29CBBAF200B4F915 /* PBXTargetDependency */ = {
			isa = PBXTargetDependency;
			target = 3F68069229CBBAF100B4F915 /* FakeNFT */;
			targetProxy = 3F6806AA29CBBAF200B4F915 /* PBXContainerItemProxy */;
		};
		3F6806B529CBBAF200B4F915 /* PBXTargetDependency */ = {
			isa = PBXTargetDependency;
			target = 3F68069229CBBAF100B4F915 /* FakeNFT */;
			targetProxy = 3F6806B429CBBAF200B4F915 /* PBXContainerItemProxy */;
		};
/* End PBXTargetDependency section */

/* Begin PBXVariantGroup section */
		3F6806A129CBBAF200B4F915 /* LaunchScreen.storyboard */ = {
			isa = PBXVariantGroup;
			children = (
				3F6806A229CBBAF200B4F915 /* Base */,
			);
			name = LaunchScreen.storyboard;
			sourceTree = "<group>";
		};
		73EA4B182A744591000B4B55 /* Localizable.strings */ = {
			isa = PBXVariantGroup;
			children = (
				73EA4B172A744591000B4B55 /* en */,
				73EA4B192A7445CC000B4B55 /* ru */,
			);
			name = Localizable.strings;
			sourceTree = "<group>";
		};
/* End PBXVariantGroup section */

/* Begin XCBuildConfiguration section */
		3F6806BB29CBBAF200B4F915 /* Debug */ = {
			isa = XCBuildConfiguration;
			buildSettings = {
				ALWAYS_SEARCH_USER_PATHS = NO;
				CLANG_ANALYZER_LOCALIZABILITY_NONLOCALIZED = YES;
				CLANG_ANALYZER_NONNULL = YES;
				CLANG_ANALYZER_NUMBER_OBJECT_CONVERSION = YES_AGGRESSIVE;
				CLANG_CXX_LANGUAGE_STANDARD = "gnu++20";
				CLANG_ENABLE_MODULES = YES;
				CLANG_ENABLE_OBJC_ARC = YES;
				CLANG_ENABLE_OBJC_WEAK = YES;
				CLANG_WARN_BLOCK_CAPTURE_AUTORELEASING = YES;
				CLANG_WARN_BOOL_CONVERSION = YES;
				CLANG_WARN_COMMA = YES;
				CLANG_WARN_CONSTANT_CONVERSION = YES;
				CLANG_WARN_DEPRECATED_OBJC_IMPLEMENTATIONS = YES;
				CLANG_WARN_DIRECT_OBJC_ISA_USAGE = YES_ERROR;
				CLANG_WARN_DOCUMENTATION_COMMENTS = YES;
				CLANG_WARN_EMPTY_BODY = YES;
				CLANG_WARN_ENUM_CONVERSION = YES;
				CLANG_WARN_INFINITE_RECURSION = YES;
				CLANG_WARN_INT_CONVERSION = YES;
				CLANG_WARN_NON_LITERAL_NULL_CONVERSION = YES;
				CLANG_WARN_OBJC_IMPLICIT_RETAIN_SELF = YES;
				CLANG_WARN_OBJC_LITERAL_CONVERSION = YES;
				CLANG_WARN_OBJC_ROOT_CLASS = YES_ERROR;
				CLANG_WARN_QUOTED_INCLUDE_IN_FRAMEWORK_HEADER = YES;
				CLANG_WARN_RANGE_LOOP_ANALYSIS = YES;
				CLANG_WARN_STRICT_PROTOTYPES = YES;
				CLANG_WARN_SUSPICIOUS_MOVE = YES;
				CLANG_WARN_UNGUARDED_AVAILABILITY = YES_AGGRESSIVE;
				CLANG_WARN_UNREACHABLE_CODE = YES;
				CLANG_WARN__DUPLICATE_METHOD_MATCH = YES;
				COPY_PHASE_STRIP = NO;
				DEBUG_INFORMATION_FORMAT = dwarf;
				ENABLE_STRICT_OBJC_MSGSEND = YES;
				ENABLE_TESTABILITY = YES;
				GCC_C_LANGUAGE_STANDARD = gnu11;
				GCC_DYNAMIC_NO_PIC = NO;
				GCC_NO_COMMON_BLOCKS = YES;
				GCC_OPTIMIZATION_LEVEL = 0;
				GCC_PREPROCESSOR_DEFINITIONS = (
					"DEBUG=1",
					"$(inherited)",
				);
				GCC_WARN_64_TO_32_BIT_CONVERSION = YES;
				GCC_WARN_ABOUT_RETURN_TYPE = YES_ERROR;
				GCC_WARN_UNDECLARED_SELECTOR = YES;
				GCC_WARN_UNINITIALIZED_AUTOS = YES_AGGRESSIVE;
				GCC_WARN_UNUSED_FUNCTION = YES;
				GCC_WARN_UNUSED_VARIABLE = YES;
				IPHONEOS_DEPLOYMENT_TARGET = 13.0;
				MTL_ENABLE_DEBUG_INFO = INCLUDE_SOURCE;
				MTL_FAST_MATH = YES;
				ONLY_ACTIVE_ARCH = YES;
				SDKROOT = iphoneos;
				SWIFT_ACTIVE_COMPILATION_CONDITIONS = DEBUG;
				SWIFT_OPTIMIZATION_LEVEL = "-Onone";
			};
			name = Debug;
		};
		3F6806BC29CBBAF200B4F915 /* Release */ = {
			isa = XCBuildConfiguration;
			buildSettings = {
				ALWAYS_SEARCH_USER_PATHS = NO;
				CLANG_ANALYZER_LOCALIZABILITY_NONLOCALIZED = YES;
				CLANG_ANALYZER_NONNULL = YES;
				CLANG_ANALYZER_NUMBER_OBJECT_CONVERSION = YES_AGGRESSIVE;
				CLANG_CXX_LANGUAGE_STANDARD = "gnu++20";
				CLANG_ENABLE_MODULES = YES;
				CLANG_ENABLE_OBJC_ARC = YES;
				CLANG_ENABLE_OBJC_WEAK = YES;
				CLANG_WARN_BLOCK_CAPTURE_AUTORELEASING = YES;
				CLANG_WARN_BOOL_CONVERSION = YES;
				CLANG_WARN_COMMA = YES;
				CLANG_WARN_CONSTANT_CONVERSION = YES;
				CLANG_WARN_DEPRECATED_OBJC_IMPLEMENTATIONS = YES;
				CLANG_WARN_DIRECT_OBJC_ISA_USAGE = YES_ERROR;
				CLANG_WARN_DOCUMENTATION_COMMENTS = YES;
				CLANG_WARN_EMPTY_BODY = YES;
				CLANG_WARN_ENUM_CONVERSION = YES;
				CLANG_WARN_INFINITE_RECURSION = YES;
				CLANG_WARN_INT_CONVERSION = YES;
				CLANG_WARN_NON_LITERAL_NULL_CONVERSION = YES;
				CLANG_WARN_OBJC_IMPLICIT_RETAIN_SELF = YES;
				CLANG_WARN_OBJC_LITERAL_CONVERSION = YES;
				CLANG_WARN_OBJC_ROOT_CLASS = YES_ERROR;
				CLANG_WARN_QUOTED_INCLUDE_IN_FRAMEWORK_HEADER = YES;
				CLANG_WARN_RANGE_LOOP_ANALYSIS = YES;
				CLANG_WARN_STRICT_PROTOTYPES = YES;
				CLANG_WARN_SUSPICIOUS_MOVE = YES;
				CLANG_WARN_UNGUARDED_AVAILABILITY = YES_AGGRESSIVE;
				CLANG_WARN_UNREACHABLE_CODE = YES;
				CLANG_WARN__DUPLICATE_METHOD_MATCH = YES;
				COPY_PHASE_STRIP = NO;
				DEBUG_INFORMATION_FORMAT = "dwarf-with-dsym";
				ENABLE_NS_ASSERTIONS = NO;
				ENABLE_STRICT_OBJC_MSGSEND = YES;
				GCC_C_LANGUAGE_STANDARD = gnu11;
				GCC_NO_COMMON_BLOCKS = YES;
				GCC_WARN_64_TO_32_BIT_CONVERSION = YES;
				GCC_WARN_ABOUT_RETURN_TYPE = YES_ERROR;
				GCC_WARN_UNDECLARED_SELECTOR = YES;
				GCC_WARN_UNINITIALIZED_AUTOS = YES_AGGRESSIVE;
				GCC_WARN_UNUSED_FUNCTION = YES;
				GCC_WARN_UNUSED_VARIABLE = YES;
				IPHONEOS_DEPLOYMENT_TARGET = 13.0;
				MTL_ENABLE_DEBUG_INFO = NO;
				MTL_FAST_MATH = YES;
				SDKROOT = iphoneos;
				SWIFT_COMPILATION_MODE = wholemodule;
				SWIFT_OPTIMIZATION_LEVEL = "-O";
				VALIDATE_PRODUCT = YES;
			};
			name = Release;
		};
		3F6806BE29CBBAF200B4F915 /* Debug */ = {
			isa = XCBuildConfiguration;
			buildSettings = {
				ASSETCATALOG_COMPILER_APPICON_NAME = AppIcon;
				ASSETCATALOG_COMPILER_GLOBAL_ACCENT_COLOR_NAME = AccentColor;
				CODE_SIGN_IDENTITY = "Apple Development";
				CODE_SIGN_STYLE = Automatic;
				CURRENT_PROJECT_VERSION = 1;
				DEVELOPMENT_TEAM = NHPG6G3743;
				GENERATE_INFOPLIST_FILE = YES;
				INFOPLIST_FILE = FakeNFT/Info.plist;
				INFOPLIST_KEY_UIApplicationSupportsIndirectInputEvents = YES;
				INFOPLIST_KEY_UILaunchStoryboardName = LaunchScreen;
				INFOPLIST_KEY_UISupportedInterfaceOrientations_iPad = "UIInterfaceOrientationPortrait UIInterfaceOrientationPortraitUpsideDown UIInterfaceOrientationLandscapeLeft UIInterfaceOrientationLandscapeRight";
				INFOPLIST_KEY_UISupportedInterfaceOrientations_iPhone = "UIInterfaceOrientationPortrait UIInterfaceOrientationLandscapeLeft UIInterfaceOrientationLandscapeRight";
				IPHONEOS_DEPLOYMENT_TARGET = 13.0;
				LD_RUNPATH_SEARCH_PATHS = (
					"$(inherited)",
					"@executable_path/Frameworks",
				);
				MARKETING_VERSION = 1.0;
				PRODUCT_BUNDLE_IDENTIFIER = "fakeNFT-iOS-kate";
				PRODUCT_NAME = "$(TARGET_NAME)";
				PROVISIONING_PROFILE_SPECIFIER = "";
				SWIFT_EMIT_LOC_STRINGS = YES;
				SWIFT_VERSION = 5.0;
				TARGETED_DEVICE_FAMILY = "1,2";
			};
			name = Debug;
		};
		3F6806BF29CBBAF200B4F915 /* Release */ = {
			isa = XCBuildConfiguration;
			buildSettings = {
				ASSETCATALOG_COMPILER_APPICON_NAME = AppIcon;
				ASSETCATALOG_COMPILER_GLOBAL_ACCENT_COLOR_NAME = AccentColor;
				CODE_SIGN_IDENTITY = "Apple Development";
				CODE_SIGN_STYLE = Automatic;
				CURRENT_PROJECT_VERSION = 1;
				DEVELOPMENT_TEAM = NHPG6G3743;
				GENERATE_INFOPLIST_FILE = YES;
				INFOPLIST_FILE = FakeNFT/Info.plist;
				INFOPLIST_KEY_UIApplicationSupportsIndirectInputEvents = YES;
				INFOPLIST_KEY_UILaunchStoryboardName = LaunchScreen;
				INFOPLIST_KEY_UISupportedInterfaceOrientations_iPad = "UIInterfaceOrientationPortrait UIInterfaceOrientationPortraitUpsideDown UIInterfaceOrientationLandscapeLeft UIInterfaceOrientationLandscapeRight";
				INFOPLIST_KEY_UISupportedInterfaceOrientations_iPhone = "UIInterfaceOrientationPortrait UIInterfaceOrientationLandscapeLeft UIInterfaceOrientationLandscapeRight";
				IPHONEOS_DEPLOYMENT_TARGET = 13.0;
				LD_RUNPATH_SEARCH_PATHS = (
					"$(inherited)",
					"@executable_path/Frameworks",
				);
				MARKETING_VERSION = 1.0;
				PRODUCT_BUNDLE_IDENTIFIER = "fakeNFT-iOS-kate";
				PRODUCT_NAME = "$(TARGET_NAME)";
				PROVISIONING_PROFILE_SPECIFIER = "";
				SWIFT_EMIT_LOC_STRINGS = YES;
				SWIFT_VERSION = 5.0;
				TARGETED_DEVICE_FAMILY = "1,2";
			};
			name = Release;
		};
		3F6806C129CBBAF200B4F915 /* Debug */ = {
			isa = XCBuildConfiguration;
			buildSettings = {
				ALWAYS_EMBED_SWIFT_STANDARD_LIBRARIES = YES;
				BUNDLE_LOADER = "$(TEST_HOST)";
				CODE_SIGN_STYLE = Automatic;
				CURRENT_PROJECT_VERSION = 1;
				GENERATE_INFOPLIST_FILE = YES;
				IPHONEOS_DEPLOYMENT_TARGET = 16.2;
				MARKETING_VERSION = 1.0;
				PRODUCT_BUNDLE_IDENTIFIER = com.practicum.FakeNFTTests;
				PRODUCT_NAME = "$(TARGET_NAME)";
				SWIFT_EMIT_LOC_STRINGS = NO;
				SWIFT_VERSION = 5.0;
				TARGETED_DEVICE_FAMILY = "1,2";
				TEST_HOST = "$(BUILT_PRODUCTS_DIR)/FakeNFT.app/$(BUNDLE_EXECUTABLE_FOLDER_PATH)/FakeNFT";
			};
			name = Debug;
		};
		3F6806C229CBBAF200B4F915 /* Release */ = {
			isa = XCBuildConfiguration;
			buildSettings = {
				ALWAYS_EMBED_SWIFT_STANDARD_LIBRARIES = YES;
				BUNDLE_LOADER = "$(TEST_HOST)";
				CODE_SIGN_STYLE = Automatic;
				CURRENT_PROJECT_VERSION = 1;
				GENERATE_INFOPLIST_FILE = YES;
				IPHONEOS_DEPLOYMENT_TARGET = 16.2;
				MARKETING_VERSION = 1.0;
				PRODUCT_BUNDLE_IDENTIFIER = com.practicum.FakeNFTTests;
				PRODUCT_NAME = "$(TARGET_NAME)";
				SWIFT_EMIT_LOC_STRINGS = NO;
				SWIFT_VERSION = 5.0;
				TARGETED_DEVICE_FAMILY = "1,2";
				TEST_HOST = "$(BUILT_PRODUCTS_DIR)/FakeNFT.app/$(BUNDLE_EXECUTABLE_FOLDER_PATH)/FakeNFT";
			};
			name = Release;
		};
		3F6806C429CBBAF200B4F915 /* Debug */ = {
			isa = XCBuildConfiguration;
			buildSettings = {
				ALWAYS_EMBED_SWIFT_STANDARD_LIBRARIES = YES;
				CODE_SIGN_STYLE = Automatic;
				CURRENT_PROJECT_VERSION = 1;
				GENERATE_INFOPLIST_FILE = YES;
				MARKETING_VERSION = 1.0;
				PRODUCT_BUNDLE_IDENTIFIER = com.practicum.FakeNFTUITests;
				PRODUCT_NAME = "$(TARGET_NAME)";
				SWIFT_EMIT_LOC_STRINGS = NO;
				SWIFT_VERSION = 5.0;
				TARGETED_DEVICE_FAMILY = "1,2";
				TEST_TARGET_NAME = FakeNFT;
			};
			name = Debug;
		};
		3F6806C529CBBAF200B4F915 /* Release */ = {
			isa = XCBuildConfiguration;
			buildSettings = {
				ALWAYS_EMBED_SWIFT_STANDARD_LIBRARIES = YES;
				CODE_SIGN_STYLE = Automatic;
				CURRENT_PROJECT_VERSION = 1;
				GENERATE_INFOPLIST_FILE = YES;
				MARKETING_VERSION = 1.0;
				PRODUCT_BUNDLE_IDENTIFIER = com.practicum.FakeNFTUITests;
				PRODUCT_NAME = "$(TARGET_NAME)";
				SWIFT_EMIT_LOC_STRINGS = NO;
				SWIFT_VERSION = 5.0;
				TARGETED_DEVICE_FAMILY = "1,2";
				TEST_TARGET_NAME = FakeNFT;
			};
			name = Release;
		};
/* End XCBuildConfiguration section */

/* Begin XCConfigurationList section */
		3F68068E29CBBAF100B4F915 /* Build configuration list for PBXProject "FakeNFT" */ = {
			isa = XCConfigurationList;
			buildConfigurations = (
				3F6806BB29CBBAF200B4F915 /* Debug */,
				3F6806BC29CBBAF200B4F915 /* Release */,
			);
			defaultConfigurationIsVisible = 0;
			defaultConfigurationName = Release;
		};
		3F6806BD29CBBAF200B4F915 /* Build configuration list for PBXNativeTarget "FakeNFT" */ = {
			isa = XCConfigurationList;
			buildConfigurations = (
				3F6806BE29CBBAF200B4F915 /* Debug */,
				3F6806BF29CBBAF200B4F915 /* Release */,
			);
			defaultConfigurationIsVisible = 0;
			defaultConfigurationName = Release;
		};
		3F6806C029CBBAF200B4F915 /* Build configuration list for PBXNativeTarget "FakeNFTTests" */ = {
			isa = XCConfigurationList;
			buildConfigurations = (
				3F6806C129CBBAF200B4F915 /* Debug */,
				3F6806C229CBBAF200B4F915 /* Release */,
			);
			defaultConfigurationIsVisible = 0;
			defaultConfigurationName = Release;
		};
		3F6806C329CBBAF200B4F915 /* Build configuration list for PBXNativeTarget "FakeNFTUITests" */ = {
			isa = XCConfigurationList;
			buildConfigurations = (
				3F6806C429CBBAF200B4F915 /* Debug */,
				3F6806C529CBBAF200B4F915 /* Release */,
			);
			defaultConfigurationIsVisible = 0;
			defaultConfigurationName = Release;
		};
/* End XCConfigurationList section */

/* Begin XCRemoteSwiftPackageReference section */
		1F7E8C8A2A951C6F00AF59FD /* XCRemoteSwiftPackageReference "SnapKit" */ = {
			isa = XCRemoteSwiftPackageReference;
			repositoryURL = "https://github.com/SnapKit/SnapKit.git";
			requirement = {
				kind = exactVersion;
				version = 5.6.0;
			};
		};
		1F7E8C8D2A951C8800AF59FD /* XCRemoteSwiftPackageReference "ProgressHUD" */ = {
			isa = XCRemoteSwiftPackageReference;
			repositoryURL = "https://github.com/relatedcode/ProgressHUD";
			requirement = {
				kind = upToNextMajorVersion;
				minimumVersion = 13.0.0;
			};
		};
		1F7E8C902A951CA200AF59FD /* XCRemoteSwiftPackageReference "Kingfisher" */ = {
			isa = XCRemoteSwiftPackageReference;
			repositoryURL = "https://github.com/onevcat/Kingfisher.git";
			requirement = {
				kind = upToNextMajorVersion;
				minimumVersion = 7.0.0;
			};
		};
		1F7E8C932A951CC100AF59FD /* XCRemoteSwiftPackageReference "Reachability" */ = {
			isa = XCRemoteSwiftPackageReference;
			repositoryURL = "https://github.com/ashleymills/Reachability.swift";
			requirement = {
				branch = master;
				kind = branch;
			};
		};
		1F7E8C962A951D0A00AF59FD /* XCRemoteSwiftPackageReference "metrica-sdk-ios" */ = {
			isa = XCRemoteSwiftPackageReference;
			repositoryURL = "https://github.com/yandexmobile/metrica-sdk-ios";
			requirement = {
				kind = upToNextMajorVersion;
				minimumVersion = 4.0.0;
			};
		};
		1F7E8C9B2A951D5700AF59FD /* XCRemoteSwiftPackageReference "firebase-ios-sdk" */ = {
			isa = XCRemoteSwiftPackageReference;
			repositoryURL = "https://github.com/firebase/firebase-ios-sdk.git";
			requirement = {
				kind = upToNextMajorVersion;
				minimumVersion = 10.0.0;
			};
		};
/* End XCRemoteSwiftPackageReference section */

/* Begin XCSwiftPackageProductDependency section */
		1F7E8C8B2A951C6F00AF59FD /* SnapKit */ = {
			isa = XCSwiftPackageProductDependency;
			package = 1F7E8C8A2A951C6F00AF59FD /* XCRemoteSwiftPackageReference "SnapKit" */;
			productName = SnapKit;
		};
		1F7E8C8E2A951C8800AF59FD /* ProgressHUD */ = {
			isa = XCSwiftPackageProductDependency;
			package = 1F7E8C8D2A951C8800AF59FD /* XCRemoteSwiftPackageReference "ProgressHUD" */;
			productName = ProgressHUD;
		};
		1F7E8C912A951CA200AF59FD /* Kingfisher */ = {
			isa = XCSwiftPackageProductDependency;
			package = 1F7E8C902A951CA200AF59FD /* XCRemoteSwiftPackageReference "Kingfisher" */;
			productName = Kingfisher;
		};
		1F7E8C942A951CC100AF59FD /* Reachability */ = {
			isa = XCSwiftPackageProductDependency;
			package = 1F7E8C932A951CC100AF59FD /* XCRemoteSwiftPackageReference "Reachability" */;
			productName = Reachability;
		};
		1F7E8C972A951D0A00AF59FD /* YandexMobileMetrica */ = {
			isa = XCSwiftPackageProductDependency;
			package = 1F7E8C962A951D0A00AF59FD /* XCRemoteSwiftPackageReference "metrica-sdk-ios" */;
			productName = YandexMobileMetrica;
		};
		1F7E8C992A951D0A00AF59FD /* YandexMobileMetricaCrashes */ = {
			isa = XCSwiftPackageProductDependency;
			package = 1F7E8C962A951D0A00AF59FD /* XCRemoteSwiftPackageReference "metrica-sdk-ios" */;
			productName = YandexMobileMetricaCrashes;
		};
		1F7E8C9C2A951D5700AF59FD /* FirebaseAuth */ = {
			isa = XCSwiftPackageProductDependency;
			package = 1F7E8C9B2A951D5700AF59FD /* XCRemoteSwiftPackageReference "firebase-ios-sdk" */;
			productName = FirebaseAuth;
		};
/* End XCSwiftPackageProductDependency section */
	};
	rootObject = 3F68068B29CBBAF100B4F915 /* Project object */;
}
